// !$*UTF8*$!
{
	archiveVersion = 1;
	classes = {
	};
	objectVersion = 51;
	objects = {

/* Begin PBXBuildFile section */
		16B014C22ECE791DCB32DA29 /* Pods_spotify.framework in Frameworks */ = {isa = PBXBuildFile; fileRef = B93AD79DC255AC67E4488D54 /* Pods_spotify.framework */; };
		6D118F86266A5D6000FCB31B /* AuthResponse.swift in Sources */ = {isa = PBXBuildFile; fileRef = 6D118F85266A5D6000FCB31B /* AuthResponse.swift */; };
		6D1544A4267B9D9A000E7A72 /* NewReleasesResponse.swift in Sources */ = {isa = PBXBuildFile; fileRef = 6D1544A3267B9D9A000E7A72 /* NewReleasesResponse.swift */; };
		6D1544A6267B9E5E000E7A72 /* APIImage.swift in Sources */ = {isa = PBXBuildFile; fileRef = 6D1544A5267B9E5D000E7A72 /* APIImage.swift */; };
		6D1544A8267BA193000E7A72 /* FeaturedPlaylistsResponse.swift in Sources */ = {isa = PBXBuildFile; fileRef = 6D1544A7267BA193000E7A72 /* FeaturedPlaylistsResponse.swift */; };
		6D1544AA267BA57D000E7A72 /* RecommendedGenres.swift in Sources */ = {isa = PBXBuildFile; fileRef = 6D1544A9267BA57D000E7A72 /* RecommendedGenres.swift */; };
		6D3F009C2678D60D00F8C9D3 /* SettingsModels.swift in Sources */ = {isa = PBXBuildFile; fileRef = 6D3F009B2678D60D00F8C9D3 /* SettingsModels.swift */; };
		6DD8390826660953006EA214 /* AppDelegate.swift in Sources */ = {isa = PBXBuildFile; fileRef = 6DD8390726660953006EA214 /* AppDelegate.swift */; };
		6DD8390A26660953006EA214 /* SceneDelegate.swift in Sources */ = {isa = PBXBuildFile; fileRef = 6DD8390926660953006EA214 /* SceneDelegate.swift */; };
		6DD8390C26660953006EA214 /* HomeViewContorller.swift in Sources */ = {isa = PBXBuildFile; fileRef = 6DD8390B26660953006EA214 /* HomeViewContorller.swift */; };
		6DD8391126660954006EA214 /* Assets.xcassets in Resources */ = {isa = PBXBuildFile; fileRef = 6DD8391026660954006EA214 /* Assets.xcassets */; };
		6DD8391426660954006EA214 /* LaunchScreen.storyboard in Resources */ = {isa = PBXBuildFile; fileRef = 6DD8391226660954006EA214 /* LaunchScreen.storyboard */; };
		6DD8392126660B87006EA214 /* TabBarViewController.swift in Sources */ = {isa = PBXBuildFile; fileRef = 6DD8392026660B87006EA214 /* TabBarViewController.swift */; };
		6DD8392326660BC0006EA214 /* SearchViewController.swift in Sources */ = {isa = PBXBuildFile; fileRef = 6DD8392226660BC0006EA214 /* SearchViewController.swift */; };
		6DD8392526660BCD006EA214 /* LibraryViewController.swift in Sources */ = {isa = PBXBuildFile; fileRef = 6DD8392426660BCD006EA214 /* LibraryViewController.swift */; };
		6DD839292666239D006EA214 /* AuthViewController.swift in Sources */ = {isa = PBXBuildFile; fileRef = 6DD839282666239D006EA214 /* AuthViewController.swift */; };
		6DD8392B266623AC006EA214 /* LoginViewController.swift in Sources */ = {isa = PBXBuildFile; fileRef = 6DD8392A266623AC006EA214 /* LoginViewController.swift */; };
		6DD8392D266623B5006EA214 /* SettingsViewController.swift in Sources */ = {isa = PBXBuildFile; fileRef = 6DD8392C266623B5006EA214 /* SettingsViewController.swift */; };
		6DD8392F266623BF006EA214 /* ProfileViewController.swift in Sources */ = {isa = PBXBuildFile; fileRef = 6DD8392E266623BF006EA214 /* ProfileViewController.swift */; };
		6DD83931266623C7006EA214 /* PlayerViewController.swift in Sources */ = {isa = PBXBuildFile; fileRef = 6DD83930266623C7006EA214 /* PlayerViewController.swift */; };
		6DD83933266623D6006EA214 /* PlaylistViewController.swift in Sources */ = {isa = PBXBuildFile; fileRef = 6DD83932266623D6006EA214 /* PlaylistViewController.swift */; };
		6DD83935266623E1006EA214 /* SearchResultViewController.swift in Sources */ = {isa = PBXBuildFile; fileRef = 6DD83934266623E1006EA214 /* SearchResultViewController.swift */; };
		6DD83937266623FF006EA214 /* AuthManager.swift in Sources */ = {isa = PBXBuildFile; fileRef = 6DD83936266623FF006EA214 /* AuthManager.swift */; };
		6DD839392666240E006EA214 /* APICaller.swift in Sources */ = {isa = PBXBuildFile; fileRef = 6DD839382666240E006EA214 /* APICaller.swift */; };
		6DD8393B2666241D006EA214 /* HapticsManager.swift in Sources */ = {isa = PBXBuildFile; fileRef = 6DD8393A2666241D006EA214 /* HapticsManager.swift */; };
		6DD8393F26662448006EA214 /* Playlist.swift in Sources */ = {isa = PBXBuildFile; fileRef = 6DD8393E26662448006EA214 /* Playlist.swift */; };
		6DD8394126662455006EA214 /* AudioTrack.swift in Sources */ = {isa = PBXBuildFile; fileRef = 6DD8394026662455006EA214 /* AudioTrack.swift */; };
		6DD839432666246E006EA214 /* Artist.swift in Sources */ = {isa = PBXBuildFile; fileRef = 6DD839422666246E006EA214 /* Artist.swift */; };
		6DD839452666247B006EA214 /* UserProfile.swift in Sources */ = {isa = PBXBuildFile; fileRef = 6DD839442666247B006EA214 /* UserProfile.swift */; };
		6DD8394A26663066006EA214 /* UIView.swift in Sources */ = {isa = PBXBuildFile; fileRef = 6DD8394926663066006EA214 /* UIView.swift */; };
/* End PBXBuildFile section */

/* Begin PBXFileReference section */
		5FCFF98441291DA159F466B0 /* Pods-spotify.release.xcconfig */ = {isa = PBXFileReference; includeInIndex = 1; lastKnownFileType = text.xcconfig; name = "Pods-spotify.release.xcconfig"; path = "Target Support Files/Pods-spotify/Pods-spotify.release.xcconfig"; sourceTree = "<group>"; };
		6D118F85266A5D6000FCB31B /* AuthResponse.swift */ = {isa = PBXFileReference; lastKnownFileType = sourcecode.swift; path = AuthResponse.swift; sourceTree = "<group>"; };
		6D1544A3267B9D9A000E7A72 /* NewReleasesResponse.swift */ = {isa = PBXFileReference; lastKnownFileType = sourcecode.swift; path = NewReleasesResponse.swift; sourceTree = "<group>"; };
		6D1544A5267B9E5D000E7A72 /* APIImage.swift */ = {isa = PBXFileReference; lastKnownFileType = sourcecode.swift; path = APIImage.swift; sourceTree = "<group>"; };
		6D1544A7267BA193000E7A72 /* FeaturedPlaylistsResponse.swift */ = {isa = PBXFileReference; lastKnownFileType = sourcecode.swift; path = FeaturedPlaylistsResponse.swift; sourceTree = "<group>"; };
		6D1544A9267BA57D000E7A72 /* RecommendedGenres.swift */ = {isa = PBXFileReference; lastKnownFileType = sourcecode.swift; path = RecommendedGenres.swift; sourceTree = "<group>"; };
		6D3F009B2678D60D00F8C9D3 /* SettingsModels.swift */ = {isa = PBXFileReference; lastKnownFileType = sourcecode.swift; path = SettingsModels.swift; sourceTree = "<group>"; };
		6DD8390426660953006EA214 /* spotify.app */ = {isa = PBXFileReference; explicitFileType = wrapper.application; includeInIndex = 0; path = spotify.app; sourceTree = BUILT_PRODUCTS_DIR; };
		6DD8390726660953006EA214 /* AppDelegate.swift */ = {isa = PBXFileReference; lastKnownFileType = sourcecode.swift; path = AppDelegate.swift; sourceTree = "<group>"; };
		6DD8390926660953006EA214 /* SceneDelegate.swift */ = {isa = PBXFileReference; lastKnownFileType = sourcecode.swift; path = SceneDelegate.swift; sourceTree = "<group>"; };
		6DD8390B26660953006EA214 /* HomeViewContorller.swift */ = {isa = PBXFileReference; lastKnownFileType = sourcecode.swift; path = HomeViewContorller.swift; sourceTree = "<group>"; };
		6DD8391026660954006EA214 /* Assets.xcassets */ = {isa = PBXFileReference; lastKnownFileType = folder.assetcatalog; path = Assets.xcassets; sourceTree = "<group>"; };
		6DD8391326660954006EA214 /* Base */ = {isa = PBXFileReference; lastKnownFileType = file.storyboard; name = Base; path = Base.lproj/LaunchScreen.storyboard; sourceTree = "<group>"; };
		6DD8391526660954006EA214 /* Info.plist */ = {isa = PBXFileReference; lastKnownFileType = text.plist.xml; path = Info.plist; sourceTree = "<group>"; };
		6DD8392026660B87006EA214 /* TabBarViewController.swift */ = {isa = PBXFileReference; lastKnownFileType = sourcecode.swift; path = TabBarViewController.swift; sourceTree = "<group>"; };
		6DD8392226660BC0006EA214 /* SearchViewController.swift */ = {isa = PBXFileReference; lastKnownFileType = sourcecode.swift; path = SearchViewController.swift; sourceTree = "<group>"; };
		6DD8392426660BCD006EA214 /* LibraryViewController.swift */ = {isa = PBXFileReference; lastKnownFileType = sourcecode.swift; path = LibraryViewController.swift; sourceTree = "<group>"; };
		6DD839282666239D006EA214 /* AuthViewController.swift */ = {isa = PBXFileReference; lastKnownFileType = sourcecode.swift; path = AuthViewController.swift; sourceTree = "<group>"; };
		6DD8392A266623AC006EA214 /* LoginViewController.swift */ = {isa = PBXFileReference; lastKnownFileType = sourcecode.swift; path = LoginViewController.swift; sourceTree = "<group>"; };
		6DD8392C266623B5006EA214 /* SettingsViewController.swift */ = {isa = PBXFileReference; lastKnownFileType = sourcecode.swift; path = SettingsViewController.swift; sourceTree = "<group>"; };
		6DD8392E266623BF006EA214 /* ProfileViewController.swift */ = {isa = PBXFileReference; lastKnownFileType = sourcecode.swift; path = ProfileViewController.swift; sourceTree = "<group>"; };
		6DD83930266623C7006EA214 /* PlayerViewController.swift */ = {isa = PBXFileReference; lastKnownFileType = sourcecode.swift; path = PlayerViewController.swift; sourceTree = "<group>"; };
		6DD83932266623D6006EA214 /* PlaylistViewController.swift */ = {isa = PBXFileReference; lastKnownFileType = sourcecode.swift; path = PlaylistViewController.swift; sourceTree = "<group>"; };
		6DD83934266623E1006EA214 /* SearchResultViewController.swift */ = {isa = PBXFileReference; lastKnownFileType = sourcecode.swift; path = SearchResultViewController.swift; sourceTree = "<group>"; };
		6DD83936266623FF006EA214 /* AuthManager.swift */ = {isa = PBXFileReference; lastKnownFileType = sourcecode.swift; path = AuthManager.swift; sourceTree = "<group>"; };
		6DD839382666240E006EA214 /* APICaller.swift */ = {isa = PBXFileReference; lastKnownFileType = sourcecode.swift; path = APICaller.swift; sourceTree = "<group>"; };
		6DD8393A2666241D006EA214 /* HapticsManager.swift */ = {isa = PBXFileReference; lastKnownFileType = sourcecode.swift; path = HapticsManager.swift; sourceTree = "<group>"; };
		6DD8393E26662448006EA214 /* Playlist.swift */ = {isa = PBXFileReference; lastKnownFileType = sourcecode.swift; path = Playlist.swift; sourceTree = "<group>"; };
		6DD8394026662455006EA214 /* AudioTrack.swift */ = {isa = PBXFileReference; lastKnownFileType = sourcecode.swift; path = AudioTrack.swift; sourceTree = "<group>"; };
		6DD839422666246E006EA214 /* Artist.swift */ = {isa = PBXFileReference; lastKnownFileType = sourcecode.swift; path = Artist.swift; sourceTree = "<group>"; };
		6DD839442666247B006EA214 /* UserProfile.swift */ = {isa = PBXFileReference; lastKnownFileType = sourcecode.swift; path = UserProfile.swift; sourceTree = "<group>"; };
		6DD8394926663066006EA214 /* UIView.swift */ = {isa = PBXFileReference; lastKnownFileType = sourcecode.swift; path = UIView.swift; sourceTree = "<group>"; };
		B93AD79DC255AC67E4488D54 /* Pods_spotify.framework */ = {isa = PBXFileReference; explicitFileType = wrapper.framework; includeInIndex = 0; path = Pods_spotify.framework; sourceTree = BUILT_PRODUCTS_DIR; };
		E4D01A1EC5636AE916EBCE17 /* Pods-spotify.debug.xcconfig */ = {isa = PBXFileReference; includeInIndex = 1; lastKnownFileType = text.xcconfig; name = "Pods-spotify.debug.xcconfig"; path = "Target Support Files/Pods-spotify/Pods-spotify.debug.xcconfig"; sourceTree = "<group>"; };
/* End PBXFileReference section */

/* Begin PBXFrameworksBuildPhase section */
		6DD8390126660953006EA214 /* Frameworks */ = {
			isa = PBXFrameworksBuildPhase;
			buildActionMask = 2147483647;
			files = (
				16B014C22ECE791DCB32DA29 /* Pods_spotify.framework in Frameworks */,
			);
			runOnlyForDeploymentPostprocessing = 0;
		};
/* End PBXFrameworksBuildPhase section */

/* Begin PBXGroup section */
		6DD838FB26660953006EA214 = {
			isa = PBXGroup;
			children = (
				6DD8390626660953006EA214 /* spotify */,
				6DD8390526660953006EA214 /* Products */,
				BA20BD2BDA32716A6D41ED81 /* Pods */,
				B8116B364E8518ED37AFBD2F /* Frameworks */,
			);
			sourceTree = "<group>";
		};
		6DD8390526660953006EA214 /* Products */ = {
			isa = PBXGroup;
			children = (
				6DD8390426660953006EA214 /* spotify.app */,
			);
			name = Products;
			sourceTree = "<group>";
		};
		6DD8390626660953006EA214 /* spotify */ = {
			isa = PBXGroup;
			children = (
				6DD8393D2666243F006EA214 /* Models */,
				6DD8391F26660995006EA214 /* Resources */,
				6DD8391E2666098D006EA214 /* Managers */,
				6DD8391D26660985006EA214 /* ViewModels */,
				6DD8391C2666097D006EA214 /* View */,
				6DD8391B26660974006EA214 /* Controllers */,
				6DD8391526660954006EA214 /* Info.plist */,
			);
			path = spotify;
			sourceTree = "<group>";
		};
		6DD8391B26660974006EA214 /* Controllers */ = {
			isa = PBXGroup;
			children = (
				6DD839272666238A006EA214 /* Others */,
				6DD8392626660BD4006EA214 /* Core */,
			);
			path = Controllers;
			sourceTree = "<group>";
		};
		6DD8391C2666097D006EA214 /* View */ = {
			isa = PBXGroup;
			children = (
				6DD8391226660954006EA214 /* LaunchScreen.storyboard */,
			);
			path = View;
			sourceTree = "<group>";
		};
		6DD8391D26660985006EA214 /* ViewModels */ = {
			isa = PBXGroup;
			children = (
			);
			path = ViewModels;
			sourceTree = "<group>";
		};
		6DD8391E2666098D006EA214 /* Managers */ = {
			isa = PBXGroup;
			children = (
				6DD83936266623FF006EA214 /* AuthManager.swift */,
				6DD839382666240E006EA214 /* APICaller.swift */,
				6DD8393A2666241D006EA214 /* HapticsManager.swift */,
			);
			path = Managers;
			sourceTree = "<group>";
		};
		6DD8391F26660995006EA214 /* Resources */ = {
			isa = PBXGroup;
			children = (
				6DD8394826663056006EA214 /* Extensions */,
				6DD8391026660954006EA214 /* Assets.xcassets */,
				6DD8390726660953006EA214 /* AppDelegate.swift */,
				6DD8390926660953006EA214 /* SceneDelegate.swift */,
			);
			path = Resources;
			sourceTree = "<group>";
		};
		6DD8392626660BD4006EA214 /* Core */ = {
			isa = PBXGroup;
			children = (
				6DD8392026660B87006EA214 /* TabBarViewController.swift */,
				6DD8390B26660953006EA214 /* HomeViewContorller.swift */,
				6DD8392226660BC0006EA214 /* SearchViewController.swift */,
				6DD8392426660BCD006EA214 /* LibraryViewController.swift */,
			);
			path = Core;
			sourceTree = "<group>";
		};
		6DD839272666238A006EA214 /* Others */ = {
			isa = PBXGroup;
			children = (
				6DD839282666239D006EA214 /* AuthViewController.swift */,
				6DD8392A266623AC006EA214 /* LoginViewController.swift */,
				6DD8392C266623B5006EA214 /* SettingsViewController.swift */,
				6DD8392E266623BF006EA214 /* ProfileViewController.swift */,
				6DD83930266623C7006EA214 /* PlayerViewController.swift */,
				6DD83932266623D6006EA214 /* PlaylistViewController.swift */,
				6DD83934266623E1006EA214 /* SearchResultViewController.swift */,
			);
			path = Others;
			sourceTree = "<group>";
		};
		6DD8393D2666243F006EA214 /* Models */ = {
			isa = PBXGroup;
			children = (
				6DD8393E26662448006EA214 /* Playlist.swift */,
				6DD8394026662455006EA214 /* AudioTrack.swift */,
				6DD839422666246E006EA214 /* Artist.swift */,
				6DD839442666247B006EA214 /* UserProfile.swift */,
				6D118F85266A5D6000FCB31B /* AuthResponse.swift */,
				6D3F009B2678D60D00F8C9D3 /* SettingsModels.swift */,
				6D1544A3267B9D9A000E7A72 /* NewReleasesResponse.swift */,
				6D1544A5267B9E5D000E7A72 /* APIImage.swift */,
				6D1544A7267BA193000E7A72 /* FeaturedPlaylistsResponse.swift */,
				6D1544A9267BA57D000E7A72 /* RecommendedGenres.swift */,
			);
			path = Models;
			sourceTree = "<group>";
		};
		6DD8394826663056006EA214 /* Extensions */ = {
			isa = PBXGroup;
			children = (
				6DD8394926663066006EA214 /* UIView.swift */,
			);
			path = Extensions;
			sourceTree = "<group>";
		};
		B8116B364E8518ED37AFBD2F /* Frameworks */ = {
			isa = PBXGroup;
			children = (
				B93AD79DC255AC67E4488D54 /* Pods_spotify.framework */,
			);
			name = Frameworks;
			sourceTree = "<group>";
		};
		BA20BD2BDA32716A6D41ED81 /* Pods */ = {
			isa = PBXGroup;
			children = (
				E4D01A1EC5636AE916EBCE17 /* Pods-spotify.debug.xcconfig */,
				5FCFF98441291DA159F466B0 /* Pods-spotify.release.xcconfig */,
			);
			path = Pods;
			sourceTree = "<group>";
		};
/* End PBXGroup section */

/* Begin PBXNativeTarget section */
		6DD8390326660953006EA214 /* spotify */ = {
			isa = PBXNativeTarget;
			buildConfigurationList = 6DD8391826660954006EA214 /* Build configuration list for PBXNativeTarget "spotify" */;
			buildPhases = (
				50922B6A2F13DCAC9AE0885F /* [CP] Check Pods Manifest.lock */,
				6DD8390026660953006EA214 /* Sources */,
				6DD8390126660953006EA214 /* Frameworks */,
				6DD8390226660953006EA214 /* Resources */,
				E47B1C511F39E121FF84C2D6 /* [CP] Embed Pods Frameworks */,
			);
			buildRules = (
			);
			dependencies = (
			);
			name = spotify;
			productName = spotify;
			productReference = 6DD8390426660953006EA214 /* spotify.app */;
			productType = "com.apple.product-type.application";
		};
/* End PBXNativeTarget section */

/* Begin PBXProject section */
		6DD838FC26660953006EA214 /* Project object */ = {
			isa = PBXProject;
			attributes = {
				LastSwiftUpdateCheck = 1250;
				LastUpgradeCheck = 1250;
				TargetAttributes = {
					6DD8390326660953006EA214 = {
						CreatedOnToolsVersion = 12.5;
					};
				};
			};
			buildConfigurationList = 6DD838FF26660953006EA214 /* Build configuration list for PBXProject "spotify" */;
			compatibilityVersion = "Xcode 9.3";
			developmentRegion = en;
			hasScannedForEncodings = 0;
			knownRegions = (
				en,
				Base,
			);
			mainGroup = 6DD838FB26660953006EA214;
			productRefGroup = 6DD8390526660953006EA214 /* Products */;
			projectDirPath = "";
			projectRoot = "";
			targets = (
				6DD8390326660953006EA214 /* spotify */,
			);
		};
/* End PBXProject section */

/* Begin PBXResourcesBuildPhase section */
		6DD8390226660953006EA214 /* Resources */ = {
			isa = PBXResourcesBuildPhase;
			buildActionMask = 2147483647;
			files = (
				6DD8391426660954006EA214 /* LaunchScreen.storyboard in Resources */,
				6DD8391126660954006EA214 /* Assets.xcassets in Resources */,
			);
			runOnlyForDeploymentPostprocessing = 0;
		};
/* End PBXResourcesBuildPhase section */

/* Begin PBXShellScriptBuildPhase section */
		50922B6A2F13DCAC9AE0885F /* [CP] Check Pods Manifest.lock */ = {
			isa = PBXShellScriptBuildPhase;
			buildActionMask = 2147483647;
			files = (
			);
			inputFileListPaths = (
			);
			inputPaths = (
				"${PODS_PODFILE_DIR_PATH}/Podfile.lock",
				"${PODS_ROOT}/Manifest.lock",
			);
			name = "[CP] Check Pods Manifest.lock";
			outputFileListPaths = (
			);
			outputPaths = (
				"$(DERIVED_FILE_DIR)/Pods-spotify-checkManifestLockResult.txt",
			);
			runOnlyForDeploymentPostprocessing = 0;
			shellPath = /bin/sh;
			shellScript = "diff \"${PODS_PODFILE_DIR_PATH}/Podfile.lock\" \"${PODS_ROOT}/Manifest.lock\" > /dev/null\nif [ $? != 0 ] ; then\n    # print error to STDERR\n    echo \"error: The sandbox is not in sync with the Podfile.lock. Run 'pod install' or update your CocoaPods installation.\" >&2\n    exit 1\nfi\n# This output is used by Xcode 'outputs' to avoid re-running this script phase.\necho \"SUCCESS\" > \"${SCRIPT_OUTPUT_FILE_0}\"\n";
			showEnvVarsInLog = 0;
		};
		E47B1C511F39E121FF84C2D6 /* [CP] Embed Pods Frameworks */ = {
			isa = PBXShellScriptBuildPhase;
			buildActionMask = 2147483647;
			files = (
			);
			inputFileListPaths = (
				"${PODS_ROOT}/Target Support Files/Pods-spotify/Pods-spotify-frameworks-${CONFIGURATION}-input-files.xcfilelist",
			);
			name = "[CP] Embed Pods Frameworks";
			outputFileListPaths = (
				"${PODS_ROOT}/Target Support Files/Pods-spotify/Pods-spotify-frameworks-${CONFIGURATION}-output-files.xcfilelist",
			);
			runOnlyForDeploymentPostprocessing = 0;
			shellPath = /bin/sh;
			shellScript = "\"${PODS_ROOT}/Target Support Files/Pods-spotify/Pods-spotify-frameworks.sh\"\n";
			showEnvVarsInLog = 0;
		};
/* End PBXShellScriptBuildPhase section */

/* Begin PBXSourcesBuildPhase section */
		6DD8390026660953006EA214 /* Sources */ = {
			isa = PBXSourcesBuildPhase;
			buildActionMask = 2147483647;
			files = (
				6DD8392526660BCD006EA214 /* LibraryViewController.swift in Sources */,
				6DD8393F26662448006EA214 /* Playlist.swift in Sources */,
				6DD83937266623FF006EA214 /* AuthManager.swift in Sources */,
				6DD8392B266623AC006EA214 /* LoginViewController.swift in Sources */,
				6D1544A6267B9E5E000E7A72 /* APIImage.swift in Sources */,
				6DD8392F266623BF006EA214 /* ProfileViewController.swift in Sources */,
				6DD8392326660BC0006EA214 /* SearchViewController.swift in Sources */,
				6DD8392126660B87006EA214 /* TabBarViewController.swift in Sources */,
				6DD8393B2666241D006EA214 /* HapticsManager.swift in Sources */,
				6D118F86266A5D6000FCB31B /* AuthResponse.swift in Sources */,
				6D1544A4267B9D9A000E7A72 /* NewReleasesResponse.swift in Sources */,
				6DD8394126662455006EA214 /* AudioTrack.swift in Sources */,
				6DD839292666239D006EA214 /* AuthViewController.swift in Sources */,
				6DD8394A26663066006EA214 /* UIView.swift in Sources */,
				6DD8390C26660953006EA214 /* HomeViewContorller.swift in Sources */,
				6DD8390826660953006EA214 /* AppDelegate.swift in Sources */,
				6DD839452666247B006EA214 /* UserProfile.swift in Sources */,
				6DD83933266623D6006EA214 /* PlaylistViewController.swift in Sources */,
				6DD839432666246E006EA214 /* Artist.swift in Sources */,
				6D3F009C2678D60D00F8C9D3 /* SettingsModels.swift in Sources */,
				6DD8390A26660953006EA214 /* SceneDelegate.swift in Sources */,
				6DD83931266623C7006EA214 /* PlayerViewController.swift in Sources */,
				6DD83935266623E1006EA214 /* SearchResultViewController.swift in Sources */,
				6DD839392666240E006EA214 /* APICaller.swift in Sources */,
				6D1544A8267BA193000E7A72 /* FeaturedPlaylistsResponse.swift in Sources */,
				6DD8392D266623B5006EA214 /* SettingsViewController.swift in Sources */,
				6D1544AA267BA57D000E7A72 /* RecommendedGenres.swift in Sources */,
			);
			runOnlyForDeploymentPostprocessing = 0;
		};
/* End PBXSourcesBuildPhase section */

/* Begin PBXVariantGroup section */
		6DD8391226660954006EA214 /* LaunchScreen.storyboard */ = {
			isa = PBXVariantGroup;
			children = (
				6DD8391326660954006EA214 /* Base */,
			);
			name = LaunchScreen.storyboard;
			sourceTree = "<group>";
		};
/* End PBXVariantGroup section */

/* Begin XCBuildConfiguration section */
		6DD8391626660954006EA214 /* Debug */ = {
			isa = XCBuildConfiguration;
			buildSettings = {
				ALWAYS_SEARCH_USER_PATHS = NO;
				CLANG_ANALYZER_NONNULL = YES;
				CLANG_ANALYZER_NUMBER_OBJECT_CONVERSION = YES_AGGRESSIVE;
				CLANG_CXX_LANGUAGE_STANDARD = "gnu++14";
				CLANG_CXX_LIBRARY = "libc++";
				CLANG_ENABLE_MODULES = YES;
				CLANG_ENABLE_OBJC_ARC = YES;
				CLANG_ENABLE_OBJC_WEAK = YES;
				CLANG_WARN_BLOCK_CAPTURE_AUTORELEASING = YES;
				CLANG_WARN_BOOL_CONVERSION = YES;
				CLANG_WARN_COMMA = YES;
				CLANG_WARN_CONSTANT_CONVERSION = YES;
				CLANG_WARN_DEPRECATED_OBJC_IMPLEMENTATIONS = YES;
				CLANG_WARN_DIRECT_OBJC_ISA_USAGE = YES_ERROR;
				CLANG_WARN_DOCUMENTATION_COMMENTS = YES;
				CLANG_WARN_EMPTY_BODY = YES;
				CLANG_WARN_ENUM_CONVERSION = YES;
				CLANG_WARN_INFINITE_RECURSION = YES;
				CLANG_WARN_INT_CONVERSION = YES;
				CLANG_WARN_NON_LITERAL_NULL_CONVERSION = YES;
				CLANG_WARN_OBJC_IMPLICIT_RETAIN_SELF = YES;
				CLANG_WARN_OBJC_LITERAL_CONVERSION = YES;
				CLANG_WARN_OBJC_ROOT_CLASS = YES_ERROR;
				CLANG_WARN_QUOTED_INCLUDE_IN_FRAMEWORK_HEADER = YES;
				CLANG_WARN_RANGE_LOOP_ANALYSIS = YES;
				CLANG_WARN_STRICT_PROTOTYPES = YES;
				CLANG_WARN_SUSPICIOUS_MOVE = YES;
				CLANG_WARN_UNGUARDED_AVAILABILITY = YES_AGGRESSIVE;
				CLANG_WARN_UNREACHABLE_CODE = YES;
				CLANG_WARN__DUPLICATE_METHOD_MATCH = YES;
				COPY_PHASE_STRIP = NO;
				DEBUG_INFORMATION_FORMAT = dwarf;
				ENABLE_STRICT_OBJC_MSGSEND = YES;
				ENABLE_TESTABILITY = YES;
				GCC_C_LANGUAGE_STANDARD = gnu11;
				GCC_DYNAMIC_NO_PIC = NO;
				GCC_NO_COMMON_BLOCKS = YES;
				GCC_OPTIMIZATION_LEVEL = 0;
				GCC_PREPROCESSOR_DEFINITIONS = (
					"DEBUG=1",
					"$(inherited)",
				);
				GCC_WARN_64_TO_32_BIT_CONVERSION = YES;
				GCC_WARN_ABOUT_RETURN_TYPE = YES_ERROR;
				GCC_WARN_UNDECLARED_SELECTOR = YES;
				GCC_WARN_UNINITIALIZED_AUTOS = YES_AGGRESSIVE;
				GCC_WARN_UNUSED_FUNCTION = YES;
				GCC_WARN_UNUSED_VARIABLE = YES;
				IPHONEOS_DEPLOYMENT_TARGET = 14.5;
				MTL_ENABLE_DEBUG_INFO = INCLUDE_SOURCE;
				MTL_FAST_MATH = YES;
				ONLY_ACTIVE_ARCH = YES;
				SDKROOT = iphoneos;
				SWIFT_ACTIVE_COMPILATION_CONDITIONS = DEBUG;
				SWIFT_OPTIMIZATION_LEVEL = "-Onone";
			};
			name = Debug;
		};
		6DD8391726660954006EA214 /* Release */ = {
			isa = XCBuildConfiguration;
			buildSettings = {
				ALWAYS_SEARCH_USER_PATHS = NO;
				CLANG_ANALYZER_NONNULL = YES;
				CLANG_ANALYZER_NUMBER_OBJECT_CONVERSION = YES_AGGRESSIVE;
				CLANG_CXX_LANGUAGE_STANDARD = "gnu++14";
				CLANG_CXX_LIBRARY = "libc++";
				CLANG_ENABLE_MODULES = YES;
				CLANG_ENABLE_OBJC_ARC = YES;
				CLANG_ENABLE_OBJC_WEAK = YES;
				CLANG_WARN_BLOCK_CAPTURE_AUTORELEASING = YES;
				CLANG_WARN_BOOL_CONVERSION = YES;
				CLANG_WARN_COMMA = YES;
				CLANG_WARN_CONSTANT_CONVERSION = YES;
				CLANG_WARN_DEPRECATED_OBJC_IMPLEMENTATIONS = YES;
				CLANG_WARN_DIRECT_OBJC_ISA_USAGE = YES_ERROR;
				CLANG_WARN_DOCUMENTATION_COMMENTS = YES;
				CLANG_WARN_EMPTY_BODY = YES;
				CLANG_WARN_ENUM_CONVERSION = YES;
				CLANG_WARN_INFINITE_RECURSION = YES;
				CLANG_WARN_INT_CONVERSION = YES;
				CLANG_WARN_NON_LITERAL_NULL_CONVERSION = YES;
				CLANG_WARN_OBJC_IMPLICIT_RETAIN_SELF = YES;
				CLANG_WARN_OBJC_LITERAL_CONVERSION = YES;
				CLANG_WARN_OBJC_ROOT_CLASS = YES_ERROR;
				CLANG_WARN_QUOTED_INCLUDE_IN_FRAMEWORK_HEADER = YES;
				CLANG_WARN_RANGE_LOOP_ANALYSIS = YES;
				CLANG_WARN_STRICT_PROTOTYPES = YES;
				CLANG_WARN_SUSPICIOUS_MOVE = YES;
				CLANG_WARN_UNGUARDED_AVAILABILITY = YES_AGGRESSIVE;
				CLANG_WARN_UNREACHABLE_CODE = YES;
				CLANG_WARN__DUPLICATE_METHOD_MATCH = YES;
				COPY_PHASE_STRIP = NO;
				DEBUG_INFORMATION_FORMAT = "dwarf-with-dsym";
				ENABLE_NS_ASSERTIONS = NO;
				ENABLE_STRICT_OBJC_MSGSEND = YES;
				GCC_C_LANGUAGE_STANDARD = gnu11;
				GCC_NO_COMMON_BLOCKS = YES;
				GCC_WARN_64_TO_32_BIT_CONVERSION = YES;
				GCC_WARN_ABOUT_RETURN_TYPE = YES_ERROR;
				GCC_WARN_UNDECLARED_SELECTOR = YES;
				GCC_WARN_UNINITIALIZED_AUTOS = YES_AGGRESSIVE;
				GCC_WARN_UNUSED_FUNCTION = YES;
				GCC_WARN_UNUSED_VARIABLE = YES;
				IPHONEOS_DEPLOYMENT_TARGET = 14.5;
				MTL_ENABLE_DEBUG_INFO = NO;
				MTL_FAST_MATH = YES;
				SDKROOT = iphoneos;
				SWIFT_COMPILATION_MODE = wholemodule;
				SWIFT_OPTIMIZATION_LEVEL = "-O";
				VALIDATE_PRODUCT = YES;
			};
			name = Release;
		};
		6DD8391926660954006EA214 /* Debug */ = {
			isa = XCBuildConfiguration;
			baseConfigurationReference = E4D01A1EC5636AE916EBCE17 /* Pods-spotify.debug.xcconfig */;
			buildSettings = {
				ASSETCATALOG_COMPILER_APPICON_NAME = AppIcon;
				ASSETCATALOG_COMPILER_GLOBAL_ACCENT_COLOR_NAME = AccentColor;
				CODE_SIGN_STYLE = Automatic;
				DEVELOPMENT_TEAM = S4382LQ8TA;
				INFOPLIST_FILE = spotify/Info.plist;
				LD_RUNPATH_SEARCH_PATHS = (
					"$(inherited)",
					"@executable_path/Frameworks",
				);
				PRODUCT_BUNDLE_IDENTIFIER = com.ather.spotify;
				PRODUCT_NAME = "$(TARGET_NAME)";
				SWIFT_VERSION = 5.0;
				TARGETED_DEVICE_FAMILY = "1,2";
			};
			name = Debug;
		};
		6DD8391A26660954006EA214 /* Release */ = {
			isa = XCBuildConfiguration;
			baseConfigurationReference = 5FCFF98441291DA159F466B0 /* Pods-spotify.release.xcconfig */;
			buildSettings = {
				ASSETCATALOG_COMPILER_APPICON_NAME = AppIcon;
				ASSETCATALOG_COMPILER_GLOBAL_ACCENT_COLOR_NAME = AccentColor;
				CODE_SIGN_STYLE = Automatic;
				DEVELOPMENT_TEAM = S4382LQ8TA;
				INFOPLIST_FILE = spotify/Info.plist;
				LD_RUNPATH_SEARCH_PATHS = (
					"$(inherited)",
					"@executable_path/Frameworks",
				);
				PRODUCT_BUNDLE_IDENTIFIER = com.ather.spotify;
				PRODUCT_NAME = "$(TARGET_NAME)";
				SWIFT_VERSION = 5.0;
				TARGETED_DEVICE_FAMILY = "1,2";
			};
			name = Release;
		};
/* End XCBuildConfiguration section */

/* Begin XCConfigurationList section */
		6DD838FF26660953006EA214 /* Build configuration list for PBXProject "spotify" */ = {
			isa = XCConfigurationList;
			buildConfigurations = (
				6DD8391626660954006EA214 /* Debug */,
				6DD8391726660954006EA214 /* Release */,
			);
			defaultConfigurationIsVisible = 0;
			defaultConfigurationName = Release;
		};
		6DD8391826660954006EA214 /* Build configuration list for PBXNativeTarget "spotify" */ = {
			isa = XCConfigurationList;
			buildConfigurations = (
				6DD8391926660954006EA214 /* Debug */,
				6DD8391A26660954006EA214 /* Release */,
			);
			defaultConfigurationIsVisible = 0;
			defaultConfigurationName = Release;
		};
/* End XCConfigurationList section */
	};
	rootObject = 6DD838FC26660953006EA214 /* Project object */;
}
