// !$*UTF8*$!
{
	archiveVersion = 1;
	classes = {
	};
	objectVersion = 51;
	objects = {

/* Begin PBXBuildFile section */
		16B014C22ECE791DCB32DA29 /* Pods_spotify.framework in Frameworks */ = {isa = PBXBuildFile; fileRef = B93AD79DC255AC67E4488D54 /* Pods_spotify.framework */; };
		6D0775C6267CEBAD00DA0E4A /* DateFormatter.swift in Sources */ = {isa = PBXBuildFile; fileRef = 6D0775C5267CEBAD00DA0E4A /* DateFormatter.swift */; };
		6D0775C8267CEBF000DA0E4A /* String.swift in Sources */ = {isa = PBXBuildFile; fileRef = 6D0775C7267CEBF000DA0E4A /* String.swift */; };
		6D118F86266A5D6000FCB31B /* AuthResponse.swift in Sources */ = {isa = PBXBuildFile; fileRef = 6D118F85266A5D6000FCB31B /* AuthResponse.swift */; };
		6D1544A4267B9D9A000E7A72 /* NewReleasesResponse.swift in Sources */ = {isa = PBXBuildFile; fileRef = 6D1544A3267B9D9A000E7A72 /* NewReleasesResponse.swift */; };
		6D1544A6267B9E5E000E7A72 /* APIImage.swift in Sources */ = {isa = PBXBuildFile; fileRef = 6D1544A5267B9E5D000E7A72 /* APIImage.swift */; };
		6D1544A8267BA193000E7A72 /* FeaturedPlaylistsResponse.swift in Sources */ = {isa = PBXBuildFile; fileRef = 6D1544A7267BA193000E7A72 /* FeaturedPlaylistsResponse.swift */; };
		6D1544AA267BA57D000E7A72 /* RecommendedGenres.swift in Sources */ = {isa = PBXBuildFile; fileRef = 6D1544A9267BA57D000E7A72 /* RecommendedGenres.swift */; };
		6D1544AC267BA917000E7A72 /* RecommendationsResponse.swift in Sources */ = {isa = PBXBuildFile; fileRef = 6D1544AB267BA917000E7A72 /* RecommendationsResponse.swift */; };
		6D1544AF267BBFF3000E7A72 /* NewReleaseCollectionViewCell.swift in Sources */ = {isa = PBXBuildFile; fileRef = 6D1544AE267BBFF3000E7A72 /* NewReleaseCollectionViewCell.swift */; };
		6D1544B1267BC018000E7A72 /* FeaturedCollectionViewCell.swift in Sources */ = {isa = PBXBuildFile; fileRef = 6D1544B0267BC018000E7A72 /* FeaturedCollectionViewCell.swift */; };
		6D1544B3267BC031000E7A72 /* RecommendedTrackCollectionViewCell.swift in Sources */ = {isa = PBXBuildFile; fileRef = 6D1544B2267BC031000E7A72 /* RecommendedTrackCollectionViewCell.swift */; };
		6D1544B5267BCB9D000E7A72 /* NewReleasesCellViewModel.swift in Sources */ = {isa = PBXBuildFile; fileRef = 6D1544B4267BCB9D000E7A72 /* NewReleasesCellViewModel.swift */; };
		6D1544B7267BDB68000E7A72 /* FeaturedPlaylistCellViewModel.swift in Sources */ = {isa = PBXBuildFile; fileRef = 6D1544B6267BDB68000E7A72 /* FeaturedPlaylistCellViewModel.swift */; };
		6D1544B9267BDBA9000E7A72 /* RecommendedTrackCellViewModel.swift in Sources */ = {isa = PBXBuildFile; fileRef = 6D1544B8267BDBA9000E7A72 /* RecommendedTrackCellViewModel.swift */; };
		6D1544BB267BDC3E000E7A72 /* BrowseSectionType.swift in Sources */ = {isa = PBXBuildFile; fileRef = 6D1544BA267BDC3E000E7A72 /* BrowseSectionType.swift */; };
		6D1544BD267C9C74000E7A72 /* AlbumViewController.swift in Sources */ = {isa = PBXBuildFile; fileRef = 6D1544BC267C9C74000E7A72 /* AlbumViewController.swift */; };
		6D1544BF267CA06D000E7A72 /* AlbumDetailsResponse.swift in Sources */ = {isa = PBXBuildFile; fileRef = 6D1544BE267CA06D000E7A72 /* AlbumDetailsResponse.swift */; };
		6D1544C1267CA38D000E7A72 /* PlaylistDetailsResponse.swift in Sources */ = {isa = PBXBuildFile; fileRef = 6D1544C0267CA38D000E7A72 /* PlaylistDetailsResponse.swift */; };
		6D2B78E4267CB46F0035AB33 /* PlaylistHeaderCollectionReusableView.swift in Sources */ = {isa = PBXBuildFile; fileRef = 6D2B78E3267CB46F0035AB33 /* PlaylistHeaderCollectionReusableView.swift */; };
		6D2B78E6267CB7400035AB33 /* PlaylistHeaderViewModel.swift in Sources */ = {isa = PBXBuildFile; fileRef = 6D2B78E5267CB7400035AB33 /* PlaylistHeaderViewModel.swift */; };
		6D2B78EA267CBA9F0035AB33 /* PlaylistHeaderViewDelegate.swift in Sources */ = {isa = PBXBuildFile; fileRef = 6D2B78E9267CBA9F0035AB33 /* PlaylistHeaderViewDelegate.swift */; };
		6D2B78EC267CE1E30035AB33 /* TitleHeaderCollectionReusableView.swift in Sources */ = {isa = PBXBuildFile; fileRef = 6D2B78EB267CE1E30035AB33 /* TitleHeaderCollectionReusableView.swift */; };
		6D2B78EE267CEA5B0035AB33 /* AlbumTrackCollectionViewCell.swift in Sources */ = {isa = PBXBuildFile; fileRef = 6D2B78ED267CEA5B0035AB33 /* AlbumTrackCollectionViewCell.swift */; };
		6D2B78F0267CEB0F0035AB33 /* AlbumCollectionViewCellViewModel.swift in Sources */ = {isa = PBXBuildFile; fileRef = 6D2B78EF267CEB0F0035AB33 /* AlbumCollectionViewCellViewModel.swift */; };
		6D3F009C2678D60D00F8C9D3 /* SettingsModels.swift in Sources */ = {isa = PBXBuildFile; fileRef = 6D3F009B2678D60D00F8C9D3 /* SettingsModels.swift */; };
		6DB80A93267D01AB00EA2428 /* Credentials.swift in Sources */ = {isa = PBXBuildFile; fileRef = 6DB80A92267D01AB00EA2428 /* Credentials.swift */; };
		6DB80A95267D0A8400EA2428 /* CategoryCollectionViewCell.swift in Sources */ = {isa = PBXBuildFile; fileRef = 6DB80A94267D0A8400EA2428 /* CategoryCollectionViewCell.swift */; };
		6DB80A99267D131100EA2428 /* AllCategoriesResponse.swift in Sources */ = {isa = PBXBuildFile; fileRef = 6DB80A98267D131100EA2428 /* AllCategoriesResponse.swift */; };
		6DB80A9B267D224E00EA2428 /* CategoryCollectionViewCellViewModel.swift in Sources */ = {isa = PBXBuildFile; fileRef = 6DB80A9A267D224E00EA2428 /* CategoryCollectionViewCellViewModel.swift */; };
		6DB80A9D267D237800EA2428 /* CategoryViewController.swift in Sources */ = {isa = PBXBuildFile; fileRef = 6DB80A9C267D237800EA2428 /* CategoryViewController.swift */; };
		6DB80A9F267D312000EA2428 /* SearchResultResponse.swift in Sources */ = {isa = PBXBuildFile; fileRef = 6DB80A9E267D312000EA2428 /* SearchResultResponse.swift */; };
		6DB80AA2267D315C00EA2428 /* SearchAlbumResponse.swift in Sources */ = {isa = PBXBuildFile; fileRef = 6DB80AA1267D315C00EA2428 /* SearchAlbumResponse.swift */; };
		6DB80AA4267D327200EA2428 /* SearchResult.swift in Sources */ = {isa = PBXBuildFile; fileRef = 6DB80AA3267D327200EA2428 /* SearchResult.swift */; };
		6DB80AA6267DF28500EA2428 /* SearchSection.swift in Sources */ = {isa = PBXBuildFile; fileRef = 6DB80AA5267DF28500EA2428 /* SearchSection.swift */; };
		6DB80AA8267DF50700EA2428 /* SearchResultsViewControllerDelegate.swift in Sources */ = {isa = PBXBuildFile; fileRef = 6DB80AA7267DF50700EA2428 /* SearchResultsViewControllerDelegate.swift */; };
		6DB80AAE267DF8E100EA2428 /* SearchResultDefaultTableViewCell.swift in Sources */ = {isa = PBXBuildFile; fileRef = 6DB80AAD267DF8E100EA2428 /* SearchResultDefaultTableViewCell.swift */; };
		6DB80AB2267DFAA100EA2428 /* SearchResultDefaultTableViewCellViewController.swift in Sources */ = {isa = PBXBuildFile; fileRef = 6DB80AB1267DFAA100EA2428 /* SearchResultDefaultTableViewCellViewController.swift */; };
		6DB80AB5267DFEBB00EA2428 /* SearchResultSubtitleTableViewCell.swift in Sources */ = {isa = PBXBuildFile; fileRef = 6DB80AB4267DFEBB00EA2428 /* SearchResultSubtitleTableViewCell.swift */; };
		6DB80AB7267DFF7500EA2428 /* SearchResultSubtitleTableViewCellViewModel.swift in Sources */ = {isa = PBXBuildFile; fileRef = 6DB80AB6267DFF7500EA2428 /* SearchResultSubtitleTableViewCellViewModel.swift */; };
		6DB80ABA267E03FB00EA2428 /* PlaybackPresenter.swift in Sources */ = {isa = PBXBuildFile; fileRef = 6DB80AB9267E03FB00EA2428 /* PlaybackPresenter.swift */; };
		6DB80ABC267E0A8F00EA2428 /* PlayerControlsView.swift in Sources */ = {isa = PBXBuildFile; fileRef = 6DB80ABB267E0A8F00EA2428 /* PlayerControlsView.swift */; };
		6DB80ABE267E0FF200EA2428 /* PlayerControlsViewDelegate.swift in Sources */ = {isa = PBXBuildFile; fileRef = 6DB80ABD267E0FF200EA2428 /* PlayerControlsViewDelegate.swift */; };
		6DB80AC0267E3A1600EA2428 /* PlayerDataSource.swift in Sources */ = {isa = PBXBuildFile; fileRef = 6DB80ABF267E3A1600EA2428 /* PlayerDataSource.swift */; };
		6DB80AC2267E3C1F00EA2428 /* PlayerControlsViewViewModel.swift in Sources */ = {isa = PBXBuildFile; fileRef = 6DB80AC1267E3C1F00EA2428 /* PlayerControlsViewViewModel.swift */; };
		6DB80AC4267E3E6100EA2428 /* PlayerViewControllerDelegate.swift in Sources */ = {isa = PBXBuildFile; fileRef = 6DB80AC3267E3E6100EA2428 /* PlayerViewControllerDelegate.swift */; };
		6DB80AC8267E4CDE00EA2428 /* LibraryPlaylistsViewController.swift in Sources */ = {isa = PBXBuildFile; fileRef = 6DB80AC7267E4CDE00EA2428 /* LibraryPlaylistsViewController.swift */; };
		6DB80ACA267E4CEF00EA2428 /* LibraryAlbumsViewController.swift in Sources */ = {isa = PBXBuildFile; fileRef = 6DB80AC9267E4CEF00EA2428 /* LibraryAlbumsViewController.swift */; };
		6DB80ACC267E55A200EA2428 /* LibraryToggleView.swift in Sources */ = {isa = PBXBuildFile; fileRef = 6DB80ACB267E55A200EA2428 /* LibraryToggleView.swift */; };
		6DB80ACE267E5E5900EA2428 /* LibraryToggleViewDelegate.swift in Sources */ = {isa = PBXBuildFile; fileRef = 6DB80ACD267E5E5900EA2428 /* LibraryToggleViewDelegate.swift */; };
		6DB80AD0267E67E500EA2428 /* LibraryPlaylistResponse.swift in Sources */ = {isa = PBXBuildFile; fileRef = 6DB80ACF267E67E500EA2428 /* LibraryPlaylistResponse.swift */; };
		6DB80AD5267E6A1600EA2428 /* ActionLabelView.swift in Sources */ = {isa = PBXBuildFile; fileRef = 6DB80AD4267E6A1600EA2428 /* ActionLabelView.swift */; };
		6DB80AD7267E6A9500EA2428 /* ActionLabelViewViewModel.swift in Sources */ = {isa = PBXBuildFile; fileRef = 6DB80AD6267E6A9500EA2428 /* ActionLabelViewViewModel.swift */; };
		6DB80AD9267E6B5D00EA2428 /* ActionLabelViewDelegate.swift in Sources */ = {isa = PBXBuildFile; fileRef = 6DB80AD8267E6B5D00EA2428 /* ActionLabelViewDelegate.swift */; };
		6DD8390826660953006EA214 /* AppDelegate.swift in Sources */ = {isa = PBXBuildFile; fileRef = 6DD8390726660953006EA214 /* AppDelegate.swift */; };
		6DD8390A26660953006EA214 /* SceneDelegate.swift in Sources */ = {isa = PBXBuildFile; fileRef = 6DD8390926660953006EA214 /* SceneDelegate.swift */; };
		6DD8390C26660953006EA214 /* HomeViewContorller.swift in Sources */ = {isa = PBXBuildFile; fileRef = 6DD8390B26660953006EA214 /* HomeViewContorller.swift */; };
		6DD8391126660954006EA214 /* Assets.xcassets in Resources */ = {isa = PBXBuildFile; fileRef = 6DD8391026660954006EA214 /* Assets.xcassets */; };
		6DD8391426660954006EA214 /* LaunchScreen.storyboard in Resources */ = {isa = PBXBuildFile; fileRef = 6DD8391226660954006EA214 /* LaunchScreen.storyboard */; };
		6DD8392126660B87006EA214 /* TabBarViewController.swift in Sources */ = {isa = PBXBuildFile; fileRef = 6DD8392026660B87006EA214 /* TabBarViewController.swift */; };
		6DD8392326660BC0006EA214 /* SearchViewController.swift in Sources */ = {isa = PBXBuildFile; fileRef = 6DD8392226660BC0006EA214 /* SearchViewController.swift */; };
		6DD8392526660BCD006EA214 /* LibraryViewController.swift in Sources */ = {isa = PBXBuildFile; fileRef = 6DD8392426660BCD006EA214 /* LibraryViewController.swift */; };
		6DD839292666239D006EA214 /* AuthViewController.swift in Sources */ = {isa = PBXBuildFile; fileRef = 6DD839282666239D006EA214 /* AuthViewController.swift */; };
		6DD8392B266623AC006EA214 /* LoginViewController.swift in Sources */ = {isa = PBXBuildFile; fileRef = 6DD8392A266623AC006EA214 /* LoginViewController.swift */; };
		6DD8392D266623B5006EA214 /* SettingsViewController.swift in Sources */ = {isa = PBXBuildFile; fileRef = 6DD8392C266623B5006EA214 /* SettingsViewController.swift */; };
		6DD8392F266623BF006EA214 /* ProfileViewController.swift in Sources */ = {isa = PBXBuildFile; fileRef = 6DD8392E266623BF006EA214 /* ProfileViewController.swift */; };
		6DD83931266623C7006EA214 /* PlayerViewController.swift in Sources */ = {isa = PBXBuildFile; fileRef = 6DD83930266623C7006EA214 /* PlayerViewController.swift */; };
		6DD83933266623D6006EA214 /* PlaylistViewController.swift in Sources */ = {isa = PBXBuildFile; fileRef = 6DD83932266623D6006EA214 /* PlaylistViewController.swift */; };
		6DD83935266623E1006EA214 /* SearchResultViewController.swift in Sources */ = {isa = PBXBuildFile; fileRef = 6DD83934266623E1006EA214 /* SearchResultViewController.swift */; };
		6DD83937266623FF006EA214 /* AuthManager.swift in Sources */ = {isa = PBXBuildFile; fileRef = 6DD83936266623FF006EA214 /* AuthManager.swift */; };
		6DD839392666240E006EA214 /* APICaller.swift in Sources */ = {isa = PBXBuildFile; fileRef = 6DD839382666240E006EA214 /* APICaller.swift */; };
		6DD8393B2666241D006EA214 /* HapticsManager.swift in Sources */ = {isa = PBXBuildFile; fileRef = 6DD8393A2666241D006EA214 /* HapticsManager.swift */; };
		6DD8393F26662448006EA214 /* Playlist.swift in Sources */ = {isa = PBXBuildFile; fileRef = 6DD8393E26662448006EA214 /* Playlist.swift */; };
		6DD8394126662455006EA214 /* AudioTrack.swift in Sources */ = {isa = PBXBuildFile; fileRef = 6DD8394026662455006EA214 /* AudioTrack.swift */; };
		6DD839432666246E006EA214 /* Artist.swift in Sources */ = {isa = PBXBuildFile; fileRef = 6DD839422666246E006EA214 /* Artist.swift */; };
		6DD839452666247B006EA214 /* UserProfile.swift in Sources */ = {isa = PBXBuildFile; fileRef = 6DD839442666247B006EA214 /* UserProfile.swift */; };
		6DD8394A26663066006EA214 /* UIView.swift in Sources */ = {isa = PBXBuildFile; fileRef = 6DD8394926663066006EA214 /* UIView.swift */; };
/* End PBXBuildFile section */

/* Begin PBXFileReference section */
		5FCFF98441291DA159F466B0 /* Pods-spotify.release.xcconfig */ = {isa = PBXFileReference; includeInIndex = 1; lastKnownFileType = text.xcconfig; name = "Pods-spotify.release.xcconfig"; path = "Target Support Files/Pods-spotify/Pods-spotify.release.xcconfig"; sourceTree = "<group>"; };
		6D0775C5267CEBAD00DA0E4A /* DateFormatter.swift */ = {isa = PBXFileReference; lastKnownFileType = sourcecode.swift; path = DateFormatter.swift; sourceTree = "<group>"; };
		6D0775C7267CEBF000DA0E4A /* String.swift */ = {isa = PBXFileReference; lastKnownFileType = sourcecode.swift; path = String.swift; sourceTree = "<group>"; };
		6D118F85266A5D6000FCB31B /* AuthResponse.swift */ = {isa = PBXFileReference; lastKnownFileType = sourcecode.swift; path = AuthResponse.swift; sourceTree = "<group>"; };
		6D1544A3267B9D9A000E7A72 /* NewReleasesResponse.swift */ = {isa = PBXFileReference; lastKnownFileType = sourcecode.swift; path = NewReleasesResponse.swift; sourceTree = "<group>"; };
		6D1544A5267B9E5D000E7A72 /* APIImage.swift */ = {isa = PBXFileReference; lastKnownFileType = sourcecode.swift; path = APIImage.swift; sourceTree = "<group>"; };
		6D1544A7267BA193000E7A72 /* FeaturedPlaylistsResponse.swift */ = {isa = PBXFileReference; lastKnownFileType = sourcecode.swift; path = FeaturedPlaylistsResponse.swift; sourceTree = "<group>"; };
		6D1544A9267BA57D000E7A72 /* RecommendedGenres.swift */ = {isa = PBXFileReference; lastKnownFileType = sourcecode.swift; path = RecommendedGenres.swift; sourceTree = "<group>"; };
		6D1544AB267BA917000E7A72 /* RecommendationsResponse.swift */ = {isa = PBXFileReference; lastKnownFileType = sourcecode.swift; path = RecommendationsResponse.swift; sourceTree = "<group>"; };
		6D1544AE267BBFF3000E7A72 /* NewReleaseCollectionViewCell.swift */ = {isa = PBXFileReference; lastKnownFileType = sourcecode.swift; path = NewReleaseCollectionViewCell.swift; sourceTree = "<group>"; };
		6D1544B0267BC018000E7A72 /* FeaturedCollectionViewCell.swift */ = {isa = PBXFileReference; lastKnownFileType = sourcecode.swift; path = FeaturedCollectionViewCell.swift; sourceTree = "<group>"; };
		6D1544B2267BC031000E7A72 /* RecommendedTrackCollectionViewCell.swift */ = {isa = PBXFileReference; lastKnownFileType = sourcecode.swift; path = RecommendedTrackCollectionViewCell.swift; sourceTree = "<group>"; };
		6D1544B4267BCB9D000E7A72 /* NewReleasesCellViewModel.swift */ = {isa = PBXFileReference; lastKnownFileType = sourcecode.swift; path = NewReleasesCellViewModel.swift; sourceTree = "<group>"; };
		6D1544B6267BDB68000E7A72 /* FeaturedPlaylistCellViewModel.swift */ = {isa = PBXFileReference; lastKnownFileType = sourcecode.swift; path = FeaturedPlaylistCellViewModel.swift; sourceTree = "<group>"; };
		6D1544B8267BDBA9000E7A72 /* RecommendedTrackCellViewModel.swift */ = {isa = PBXFileReference; lastKnownFileType = sourcecode.swift; path = RecommendedTrackCellViewModel.swift; sourceTree = "<group>"; };
		6D1544BA267BDC3E000E7A72 /* BrowseSectionType.swift */ = {isa = PBXFileReference; lastKnownFileType = sourcecode.swift; path = BrowseSectionType.swift; sourceTree = "<group>"; };
		6D1544BC267C9C74000E7A72 /* AlbumViewController.swift */ = {isa = PBXFileReference; lastKnownFileType = sourcecode.swift; path = AlbumViewController.swift; sourceTree = "<group>"; };
		6D1544BE267CA06D000E7A72 /* AlbumDetailsResponse.swift */ = {isa = PBXFileReference; lastKnownFileType = sourcecode.swift; path = AlbumDetailsResponse.swift; sourceTree = "<group>"; };
		6D1544C0267CA38D000E7A72 /* PlaylistDetailsResponse.swift */ = {isa = PBXFileReference; lastKnownFileType = sourcecode.swift; path = PlaylistDetailsResponse.swift; sourceTree = "<group>"; };
		6D2B78E3267CB46F0035AB33 /* PlaylistHeaderCollectionReusableView.swift */ = {isa = PBXFileReference; lastKnownFileType = sourcecode.swift; path = PlaylistHeaderCollectionReusableView.swift; sourceTree = "<group>"; };
		6D2B78E5267CB7400035AB33 /* PlaylistHeaderViewModel.swift */ = {isa = PBXFileReference; lastKnownFileType = sourcecode.swift; path = PlaylistHeaderViewModel.swift; sourceTree = "<group>"; };
		6D2B78E9267CBA9F0035AB33 /* PlaylistHeaderViewDelegate.swift */ = {isa = PBXFileReference; lastKnownFileType = sourcecode.swift; path = PlaylistHeaderViewDelegate.swift; sourceTree = "<group>"; };
		6D2B78EB267CE1E30035AB33 /* TitleHeaderCollectionReusableView.swift */ = {isa = PBXFileReference; lastKnownFileType = sourcecode.swift; path = TitleHeaderCollectionReusableView.swift; sourceTree = "<group>"; };
		6D2B78ED267CEA5B0035AB33 /* AlbumTrackCollectionViewCell.swift */ = {isa = PBXFileReference; lastKnownFileType = sourcecode.swift; path = AlbumTrackCollectionViewCell.swift; sourceTree = "<group>"; };
		6D2B78EF267CEB0F0035AB33 /* AlbumCollectionViewCellViewModel.swift */ = {isa = PBXFileReference; lastKnownFileType = sourcecode.swift; path = AlbumCollectionViewCellViewModel.swift; sourceTree = "<group>"; };
		6D3F009B2678D60D00F8C9D3 /* SettingsModels.swift */ = {isa = PBXFileReference; lastKnownFileType = sourcecode.swift; path = SettingsModels.swift; sourceTree = "<group>"; };
		6DB80A92267D01AB00EA2428 /* Credentials.swift */ = {isa = PBXFileReference; lastKnownFileType = sourcecode.swift; path = Credentials.swift; sourceTree = "<group>"; };
		6DB80A94267D0A8400EA2428 /* CategoryCollectionViewCell.swift */ = {isa = PBXFileReference; lastKnownFileType = sourcecode.swift; path = CategoryCollectionViewCell.swift; sourceTree = "<group>"; };
		6DB80A98267D131100EA2428 /* AllCategoriesResponse.swift */ = {isa = PBXFileReference; lastKnownFileType = sourcecode.swift; path = AllCategoriesResponse.swift; sourceTree = "<group>"; };
		6DB80A9A267D224E00EA2428 /* CategoryCollectionViewCellViewModel.swift */ = {isa = PBXFileReference; lastKnownFileType = sourcecode.swift; path = CategoryCollectionViewCellViewModel.swift; sourceTree = "<group>"; };
		6DB80A9C267D237800EA2428 /* CategoryViewController.swift */ = {isa = PBXFileReference; lastKnownFileType = sourcecode.swift; path = CategoryViewController.swift; sourceTree = "<group>"; };
		6DB80A9E267D312000EA2428 /* SearchResultResponse.swift */ = {isa = PBXFileReference; lastKnownFileType = sourcecode.swift; path = SearchResultResponse.swift; sourceTree = "<group>"; };
		6DB80AA1267D315C00EA2428 /* SearchAlbumResponse.swift */ = {isa = PBXFileReference; lastKnownFileType = sourcecode.swift; path = SearchAlbumResponse.swift; sourceTree = "<group>"; };
		6DB80AA3267D327200EA2428 /* SearchResult.swift */ = {isa = PBXFileReference; lastKnownFileType = sourcecode.swift; path = SearchResult.swift; sourceTree = "<group>"; };
		6DB80AA5267DF28500EA2428 /* SearchSection.swift */ = {isa = PBXFileReference; lastKnownFileType = sourcecode.swift; path = SearchSection.swift; sourceTree = "<group>"; };
		6DB80AA7267DF50700EA2428 /* SearchResultsViewControllerDelegate.swift */ = {isa = PBXFileReference; lastKnownFileType = sourcecode.swift; path = SearchResultsViewControllerDelegate.swift; sourceTree = "<group>"; };
		6DB80AAD267DF8E100EA2428 /* SearchResultDefaultTableViewCell.swift */ = {isa = PBXFileReference; lastKnownFileType = sourcecode.swift; path = SearchResultDefaultTableViewCell.swift; sourceTree = "<group>"; };
		6DB80AB1267DFAA100EA2428 /* SearchResultDefaultTableViewCellViewController.swift */ = {isa = PBXFileReference; lastKnownFileType = sourcecode.swift; path = SearchResultDefaultTableViewCellViewController.swift; sourceTree = "<group>"; };
		6DB80AB4267DFEBB00EA2428 /* SearchResultSubtitleTableViewCell.swift */ = {isa = PBXFileReference; lastKnownFileType = sourcecode.swift; path = SearchResultSubtitleTableViewCell.swift; sourceTree = "<group>"; };
		6DB80AB6267DFF7500EA2428 /* SearchResultSubtitleTableViewCellViewModel.swift */ = {isa = PBXFileReference; lastKnownFileType = sourcecode.swift; path = SearchResultSubtitleTableViewCellViewModel.swift; sourceTree = "<group>"; };
		6DB80AB9267E03FB00EA2428 /* PlaybackPresenter.swift */ = {isa = PBXFileReference; lastKnownFileType = sourcecode.swift; path = PlaybackPresenter.swift; sourceTree = "<group>"; };
		6DB80ABB267E0A8F00EA2428 /* PlayerControlsView.swift */ = {isa = PBXFileReference; lastKnownFileType = sourcecode.swift; path = PlayerControlsView.swift; sourceTree = "<group>"; };
		6DB80ABD267E0FF200EA2428 /* PlayerControlsViewDelegate.swift */ = {isa = PBXFileReference; lastKnownFileType = sourcecode.swift; path = PlayerControlsViewDelegate.swift; sourceTree = "<group>"; };
		6DB80ABF267E3A1600EA2428 /* PlayerDataSource.swift */ = {isa = PBXFileReference; lastKnownFileType = sourcecode.swift; path = PlayerDataSource.swift; sourceTree = "<group>"; };
		6DB80AC1267E3C1F00EA2428 /* PlayerControlsViewViewModel.swift */ = {isa = PBXFileReference; lastKnownFileType = sourcecode.swift; path = PlayerControlsViewViewModel.swift; sourceTree = "<group>"; };
		6DB80AC3267E3E6100EA2428 /* PlayerViewControllerDelegate.swift */ = {isa = PBXFileReference; lastKnownFileType = sourcecode.swift; path = PlayerViewControllerDelegate.swift; sourceTree = "<group>"; };
		6DB80AC7267E4CDE00EA2428 /* LibraryPlaylistsViewController.swift */ = {isa = PBXFileReference; lastKnownFileType = sourcecode.swift; path = LibraryPlaylistsViewController.swift; sourceTree = "<group>"; };
		6DB80AC9267E4CEF00EA2428 /* LibraryAlbumsViewController.swift */ = {isa = PBXFileReference; lastKnownFileType = sourcecode.swift; path = LibraryAlbumsViewController.swift; sourceTree = "<group>"; };
		6DB80ACB267E55A200EA2428 /* LibraryToggleView.swift */ = {isa = PBXFileReference; lastKnownFileType = sourcecode.swift; path = LibraryToggleView.swift; sourceTree = "<group>"; };
		6DB80ACD267E5E5900EA2428 /* LibraryToggleViewDelegate.swift */ = {isa = PBXFileReference; lastKnownFileType = sourcecode.swift; path = LibraryToggleViewDelegate.swift; sourceTree = "<group>"; };
		6DB80ACF267E67E500EA2428 /* LibraryPlaylistResponse.swift */ = {isa = PBXFileReference; lastKnownFileType = sourcecode.swift; path = LibraryPlaylistResponse.swift; sourceTree = "<group>"; };
		6DB80AD4267E6A1600EA2428 /* ActionLabelView.swift */ = {isa = PBXFileReference; lastKnownFileType = sourcecode.swift; path = ActionLabelView.swift; sourceTree = "<group>"; };
		6DB80AD6267E6A9500EA2428 /* ActionLabelViewViewModel.swift */ = {isa = PBXFileReference; lastKnownFileType = sourcecode.swift; path = ActionLabelViewViewModel.swift; sourceTree = "<group>"; };
		6DB80AD8267E6B5D00EA2428 /* ActionLabelViewDelegate.swift */ = {isa = PBXFileReference; lastKnownFileType = sourcecode.swift; path = ActionLabelViewDelegate.swift; sourceTree = "<group>"; };
		6DD8390426660953006EA214 /* spotify.app */ = {isa = PBXFileReference; explicitFileType = wrapper.application; includeInIndex = 0; path = spotify.app; sourceTree = BUILT_PRODUCTS_DIR; };
		6DD8390726660953006EA214 /* AppDelegate.swift */ = {isa = PBXFileReference; lastKnownFileType = sourcecode.swift; path = AppDelegate.swift; sourceTree = "<group>"; };
		6DD8390926660953006EA214 /* SceneDelegate.swift */ = {isa = PBXFileReference; lastKnownFileType = sourcecode.swift; path = SceneDelegate.swift; sourceTree = "<group>"; };
		6DD8390B26660953006EA214 /* HomeViewContorller.swift */ = {isa = PBXFileReference; lastKnownFileType = sourcecode.swift; path = HomeViewContorller.swift; sourceTree = "<group>"; };
		6DD8391026660954006EA214 /* Assets.xcassets */ = {isa = PBXFileReference; lastKnownFileType = folder.assetcatalog; path = Assets.xcassets; sourceTree = "<group>"; };
		6DD8391326660954006EA214 /* Base */ = {isa = PBXFileReference; lastKnownFileType = file.storyboard; name = Base; path = Base.lproj/LaunchScreen.storyboard; sourceTree = "<group>"; };
		6DD8391526660954006EA214 /* Info.plist */ = {isa = PBXFileReference; lastKnownFileType = text.plist.xml; path = Info.plist; sourceTree = "<group>"; };
		6DD8392026660B87006EA214 /* TabBarViewController.swift */ = {isa = PBXFileReference; lastKnownFileType = sourcecode.swift; path = TabBarViewController.swift; sourceTree = "<group>"; };
		6DD8392226660BC0006EA214 /* SearchViewController.swift */ = {isa = PBXFileReference; lastKnownFileType = sourcecode.swift; path = SearchViewController.swift; sourceTree = "<group>"; };
		6DD8392426660BCD006EA214 /* LibraryViewController.swift */ = {isa = PBXFileReference; lastKnownFileType = sourcecode.swift; path = LibraryViewController.swift; sourceTree = "<group>"; };
		6DD839282666239D006EA214 /* AuthViewController.swift */ = {isa = PBXFileReference; lastKnownFileType = sourcecode.swift; path = AuthViewController.swift; sourceTree = "<group>"; };
		6DD8392A266623AC006EA214 /* LoginViewController.swift */ = {isa = PBXFileReference; lastKnownFileType = sourcecode.swift; path = LoginViewController.swift; sourceTree = "<group>"; };
		6DD8392C266623B5006EA214 /* SettingsViewController.swift */ = {isa = PBXFileReference; lastKnownFileType = sourcecode.swift; path = SettingsViewController.swift; sourceTree = "<group>"; };
		6DD8392E266623BF006EA214 /* ProfileViewController.swift */ = {isa = PBXFileReference; lastKnownFileType = sourcecode.swift; path = ProfileViewController.swift; sourceTree = "<group>"; };
		6DD83930266623C7006EA214 /* PlayerViewController.swift */ = {isa = PBXFileReference; lastKnownFileType = sourcecode.swift; path = PlayerViewController.swift; sourceTree = "<group>"; };
		6DD83932266623D6006EA214 /* PlaylistViewController.swift */ = {isa = PBXFileReference; lastKnownFileType = sourcecode.swift; path = PlaylistViewController.swift; sourceTree = "<group>"; };
		6DD83934266623E1006EA214 /* SearchResultViewController.swift */ = {isa = PBXFileReference; lastKnownFileType = sourcecode.swift; path = SearchResultViewController.swift; sourceTree = "<group>"; };
		6DD83936266623FF006EA214 /* AuthManager.swift */ = {isa = PBXFileReference; lastKnownFileType = sourcecode.swift; path = AuthManager.swift; sourceTree = "<group>"; };
		6DD839382666240E006EA214 /* APICaller.swift */ = {isa = PBXFileReference; lastKnownFileType = sourcecode.swift; path = APICaller.swift; sourceTree = "<group>"; };
		6DD8393A2666241D006EA214 /* HapticsManager.swift */ = {isa = PBXFileReference; lastKnownFileType = sourcecode.swift; path = HapticsManager.swift; sourceTree = "<group>"; };
		6DD8393E26662448006EA214 /* Playlist.swift */ = {isa = PBXFileReference; lastKnownFileType = sourcecode.swift; path = Playlist.swift; sourceTree = "<group>"; };
		6DD8394026662455006EA214 /* AudioTrack.swift */ = {isa = PBXFileReference; lastKnownFileType = sourcecode.swift; path = AudioTrack.swift; sourceTree = "<group>"; };
		6DD839422666246E006EA214 /* Artist.swift */ = {isa = PBXFileReference; lastKnownFileType = sourcecode.swift; path = Artist.swift; sourceTree = "<group>"; };
		6DD839442666247B006EA214 /* UserProfile.swift */ = {isa = PBXFileReference; lastKnownFileType = sourcecode.swift; path = UserProfile.swift; sourceTree = "<group>"; };
		6DD8394926663066006EA214 /* UIView.swift */ = {isa = PBXFileReference; lastKnownFileType = sourcecode.swift; path = UIView.swift; sourceTree = "<group>"; };
		B93AD79DC255AC67E4488D54 /* Pods_spotify.framework */ = {isa = PBXFileReference; explicitFileType = wrapper.framework; includeInIndex = 0; path = Pods_spotify.framework; sourceTree = BUILT_PRODUCTS_DIR; };
		E4D01A1EC5636AE916EBCE17 /* Pods-spotify.debug.xcconfig */ = {isa = PBXFileReference; includeInIndex = 1; lastKnownFileType = text.xcconfig; name = "Pods-spotify.debug.xcconfig"; path = "Target Support Files/Pods-spotify/Pods-spotify.debug.xcconfig"; sourceTree = "<group>"; };
/* End PBXFileReference section */

/* Begin PBXFrameworksBuildPhase section */
		6DD8390126660953006EA214 /* Frameworks */ = {
			isa = PBXFrameworksBuildPhase;
			buildActionMask = 2147483647;
			files = (
				16B014C22ECE791DCB32DA29 /* Pods_spotify.framework in Frameworks */,
			);
			runOnlyForDeploymentPostprocessing = 0;
		};
/* End PBXFrameworksBuildPhase section */

/* Begin PBXGroup section */
		6D1544AD267BBFD8000E7A72 /* Browse */ = {
			isa = PBXGroup;
			children = (
				6D1544AE267BBFF3000E7A72 /* NewReleaseCollectionViewCell.swift */,
				6D1544B0267BC018000E7A72 /* FeaturedCollectionViewCell.swift */,
				6D1544B2267BC031000E7A72 /* RecommendedTrackCollectionViewCell.swift */,
				6DB80A94267D0A8400EA2428 /* CategoryCollectionViewCell.swift */,
			);
			path = Browse;
			sourceTree = "<group>";
		};
		6D1544C2267CA419000E7A72 /* Users+Profile */ = {
			isa = PBXGroup;
			children = (
				6D118F85266A5D6000FCB31B /* AuthResponse.swift */,
				6D1544A5267B9E5D000E7A72 /* APIImage.swift */,
				6DD839442666247B006EA214 /* UserProfile.swift */,
			);
			path = "Users+Profile";
			sourceTree = "<group>";
		};
		6D1544C3267CA430000E7A72 /* Playlist */ = {
			isa = PBXGroup;
			children = (
				6D1544A7267BA193000E7A72 /* FeaturedPlaylistsResponse.swift */,
				6DB80ACF267E67E500EA2428 /* LibraryPlaylistResponse.swift */,
				6D1544C0267CA38D000E7A72 /* PlaylistDetailsResponse.swift */,
				6DD8393E26662448006EA214 /* Playlist.swift */,
			);
			path = Playlist;
			sourceTree = "<group>";
		};
		6D1544C4267CA43B000E7A72 /* Track */ = {
			isa = PBXGroup;
			children = (
				6DD8394026662455006EA214 /* AudioTrack.swift */,
			);
			path = Track;
			sourceTree = "<group>";
		};
		6D1544C6267CA47F000E7A72 /* Others */ = {
			isa = PBXGroup;
			children = (
				6D3F009B2678D60D00F8C9D3 /* SettingsModels.swift */,
				6D1544A9267BA57D000E7A72 /* RecommendedGenres.swift */,
			);
			path = Others;
			sourceTree = "<group>";
		};
		6D2B78E7267CBA750035AB33 /* Protocols */ = {
			isa = PBXGroup;
			children = (
				6D2B78E9267CBA9F0035AB33 /* PlaylistHeaderViewDelegate.swift */,
				6DB80AA7267DF50700EA2428 /* SearchResultsViewControllerDelegate.swift */,
				6DB80ABD267E0FF200EA2428 /* PlayerControlsViewDelegate.swift */,
				6DB80ABF267E3A1600EA2428 /* PlayerDataSource.swift */,
				6DB80AC3267E3E6100EA2428 /* PlayerViewControllerDelegate.swift */,
				6DB80ACD267E5E5900EA2428 /* LibraryToggleViewDelegate.swift */,
				6DB80AD8267E6B5D00EA2428 /* ActionLabelViewDelegate.swift */,
			);
			path = Protocols;
			sourceTree = "<group>";
		};
		6DB80AA0267D314B00EA2428 /* SearchResults */ = {
			isa = PBXGroup;
			children = (
				6DB80AA1267D315C00EA2428 /* SearchAlbumResponse.swift */,
				6DB80AA3267D327200EA2428 /* SearchResult.swift */,
				6DB80AA5267DF28500EA2428 /* SearchSection.swift */,
			);
			path = SearchResults;
			sourceTree = "<group>";
		};
		6DB80AAB267DF84100EA2428 /* CollectionViewReusableViews */ = {
			isa = PBXGroup;
			children = (
				6D2B78EB267CE1E30035AB33 /* TitleHeaderCollectionReusableView.swift */,
				6D2B78E3267CB46F0035AB33 /* PlaylistHeaderCollectionReusableView.swift */,
			);
			path = CollectionViewReusableViews;
			sourceTree = "<group>";
		};
		6DB80AAC267DF8B500EA2428 /* SearchResultCells */ = {
			isa = PBXGroup;
			children = (
				6DB80AAD267DF8E100EA2428 /* SearchResultDefaultTableViewCell.swift */,
				6DB80AB4267DFEBB00EA2428 /* SearchResultSubtitleTableViewCell.swift */,
			);
			path = SearchResultCells;
			sourceTree = "<group>";
		};
		6DB80AB3267DFD4B00EA2428 /* Artist */ = {
			isa = PBXGroup;
			children = (
				6DD839422666246E006EA214 /* Artist.swift */,
			);
			path = Artist;
			sourceTree = "<group>";
		};
		6DB80AB8267E03EB00EA2428 /* Presenter */ = {
			isa = PBXGroup;
			children = (
				6DB80AB9267E03FB00EA2428 /* PlaybackPresenter.swift */,
			);
			path = Presenter;
			sourceTree = "<group>";
		};
		6DB80AC5267E4CA800EA2428 /* Library */ = {
			isa = PBXGroup;
			children = (
				6DB80AC7267E4CDE00EA2428 /* LibraryPlaylistsViewController.swift */,
				6DB80AC9267E4CEF00EA2428 /* LibraryAlbumsViewController.swift */,
			);
			path = Library;
			sourceTree = "<group>";
		};
		6DB80AC6267E4CB000EA2428 /* Auth */ = {
			isa = PBXGroup;
			children = (
				6DD8392A266623AC006EA214 /* LoginViewController.swift */,
				6DD839282666239D006EA214 /* AuthViewController.swift */,
			);
			path = Auth;
			sourceTree = "<group>";
		};
		6DB80AD1267E682E00EA2428 /* OtherResponseModels */ = {
			isa = PBXGroup;
			children = (
				6D1544A3267B9D9A000E7A72 /* NewReleasesResponse.swift */,
				6D1544BE267CA06D000E7A72 /* AlbumDetailsResponse.swift */,
				6DB80A9E267D312000EA2428 /* SearchResultResponse.swift */,
				6DB80A98267D131100EA2428 /* AllCategoriesResponse.swift */,
				6D1544AB267BA917000E7A72 /* RecommendationsResponse.swift */,
			);
			path = OtherResponseModels;
			sourceTree = "<group>";
		};
		6DB80AD2267E69F100EA2428 /* CollectionViewCells */ = {
			isa = PBXGroup;
			children = (
				6D2B78ED267CEA5B0035AB33 /* AlbumTrackCollectionViewCell.swift */,
			);
			path = CollectionViewCells;
			sourceTree = "<group>";
		};
		6DB80AD3267E6A0100EA2428 /* UIViews */ = {
			isa = PBXGroup;
			children = (
				6DB80ACB267E55A200EA2428 /* LibraryToggleView.swift */,
				6DB80ABB267E0A8F00EA2428 /* PlayerControlsView.swift */,
				6DB80AD4267E6A1600EA2428 /* ActionLabelView.swift */,
			);
			path = UIViews;
			sourceTree = "<group>";
		};
		6DD838FB26660953006EA214 = {
			isa = PBXGroup;
			children = (
				6DD8390626660953006EA214 /* spotify */,
				6DD8390526660953006EA214 /* Products */,
				BA20BD2BDA32716A6D41ED81 /* Pods */,
				B8116B364E8518ED37AFBD2F /* Frameworks */,
			);
			sourceTree = "<group>";
		};
		6DD8390526660953006EA214 /* Products */ = {
			isa = PBXGroup;
			children = (
				6DD8390426660953006EA214 /* spotify.app */,
			);
			name = Products;
			sourceTree = "<group>";
		};
		6DD8390626660953006EA214 /* spotify */ = {
			isa = PBXGroup;
			children = (
				6DB80AB8267E03EB00EA2428 /* Presenter */,
				6D2B78E7267CBA750035AB33 /* Protocols */,
				6DD8393D2666243F006EA214 /* Models */,
				6DD8391F26660995006EA214 /* Resources */,
				6DD8391E2666098D006EA214 /* Managers */,
				6DD8391D26660985006EA214 /* ViewModels */,
				6DD8391C2666097D006EA214 /* View */,
				6DD8391B26660974006EA214 /* Controllers */,
				6DD8391526660954006EA214 /* Info.plist */,
			);
			path = spotify;
			sourceTree = "<group>";
		};
		6DD8391B26660974006EA214 /* Controllers */ = {
			isa = PBXGroup;
			children = (
				6DD839272666238A006EA214 /* Others */,
				6DD8392626660BD4006EA214 /* Core */,
			);
			path = Controllers;
			sourceTree = "<group>";
		};
		6DD8391C2666097D006EA214 /* View */ = {
			isa = PBXGroup;
			children = (
				6DB80AD3267E6A0100EA2428 /* UIViews */,
				6DB80AD2267E69F100EA2428 /* CollectionViewCells */,
				6DB80AAC267DF8B500EA2428 /* SearchResultCells */,
				6DB80AAB267DF84100EA2428 /* CollectionViewReusableViews */,
				6D1544AD267BBFD8000E7A72 /* Browse */,
				6DD8391226660954006EA214 /* LaunchScreen.storyboard */,
			);
			path = View;
			sourceTree = "<group>";
		};
		6DD8391D26660985006EA214 /* ViewModels */ = {
			isa = PBXGroup;
			children = (
				6D1544B4267BCB9D000E7A72 /* NewReleasesCellViewModel.swift */,
				6D1544B6267BDB68000E7A72 /* FeaturedPlaylistCellViewModel.swift */,
				6D1544B8267BDBA9000E7A72 /* RecommendedTrackCellViewModel.swift */,
				6D2B78E5267CB7400035AB33 /* PlaylistHeaderViewModel.swift */,
				6D2B78EF267CEB0F0035AB33 /* AlbumCollectionViewCellViewModel.swift */,
				6DB80A9A267D224E00EA2428 /* CategoryCollectionViewCellViewModel.swift */,
				6DB80AB1267DFAA100EA2428 /* SearchResultDefaultTableViewCellViewController.swift */,
				6DB80AB6267DFF7500EA2428 /* SearchResultSubtitleTableViewCellViewModel.swift */,
				6DB80AC1267E3C1F00EA2428 /* PlayerControlsViewViewModel.swift */,
				6DB80AD6267E6A9500EA2428 /* ActionLabelViewViewModel.swift */,
			);
			path = ViewModels;
			sourceTree = "<group>";
		};
		6DD8391E2666098D006EA214 /* Managers */ = {
			isa = PBXGroup;
			children = (
				6DD83936266623FF006EA214 /* AuthManager.swift */,
				6DD839382666240E006EA214 /* APICaller.swift */,
				6DD8393A2666241D006EA214 /* HapticsManager.swift */,
				6DB80A92267D01AB00EA2428 /* Credentials.swift */,
			);
			path = Managers;
			sourceTree = "<group>";
		};
		6DD8391F26660995006EA214 /* Resources */ = {
			isa = PBXGroup;
			children = (
				6DD8394826663056006EA214 /* Extensions */,
				6DD8391026660954006EA214 /* Assets.xcassets */,
				6DD8390726660953006EA214 /* AppDelegate.swift */,
				6DD8390926660953006EA214 /* SceneDelegate.swift */,
				6D1544BA267BDC3E000E7A72 /* BrowseSectionType.swift */,
			);
			path = Resources;
			sourceTree = "<group>";
		};
		6DD8392626660BD4006EA214 /* Core */ = {
			isa = PBXGroup;
			children = (
				6DD8392026660B87006EA214 /* TabBarViewController.swift */,
				6DD8390B26660953006EA214 /* HomeViewContorller.swift */,
				6DD8392226660BC0006EA214 /* SearchViewController.swift */,
				6DD8392426660BCD006EA214 /* LibraryViewController.swift */,
			);
			path = Core;
			sourceTree = "<group>";
		};
		6DD839272666238A006EA214 /* Others */ = {
			isa = PBXGroup;
			children = (
				6DB80AC6267E4CB000EA2428 /* Auth */,
				6DB80AC5267E4CA800EA2428 /* Library */,
				6DD8392C266623B5006EA214 /* SettingsViewController.swift */,
				6DD8392E266623BF006EA214 /* ProfileViewController.swift */,
				6DD83930266623C7006EA214 /* PlayerViewController.swift */,
				6DD83932266623D6006EA214 /* PlaylistViewController.swift */,
				6DD83934266623E1006EA214 /* SearchResultViewController.swift */,
				6D1544BC267C9C74000E7A72 /* AlbumViewController.swift */,
				6DB80A9C267D237800EA2428 /* CategoryViewController.swift */,
			);
			path = Others;
			sourceTree = "<group>";
		};
		6DD8393D2666243F006EA214 /* Models */ = {
			isa = PBXGroup;
			children = (
				6DB80AD1267E682E00EA2428 /* OtherResponseModels */,
				6DB80AB3267DFD4B00EA2428 /* Artist */,
				6DB80AA0267D314B00EA2428 /* SearchResults */,
				6D1544C6267CA47F000E7A72 /* Others */,
				6D1544C4267CA43B000E7A72 /* Track */,
				6D1544C3267CA430000E7A72 /* Playlist */,
				6D1544C2267CA419000E7A72 /* Users+Profile */,
			);
			path = Models;
			sourceTree = "<group>";
		};
		6DD8394826663056006EA214 /* Extensions */ = {
			isa = PBXGroup;
			children = (
				6DD8394926663066006EA214 /* UIView.swift */,
				6D0775C5267CEBAD00DA0E4A /* DateFormatter.swift */,
				6D0775C7267CEBF000DA0E4A /* String.swift */,
			);
			path = Extensions;
			sourceTree = "<group>";
		};
		B8116B364E8518ED37AFBD2F /* Frameworks */ = {
			isa = PBXGroup;
			children = (
				B93AD79DC255AC67E4488D54 /* Pods_spotify.framework */,
			);
			name = Frameworks;
			sourceTree = "<group>";
		};
		BA20BD2BDA32716A6D41ED81 /* Pods */ = {
			isa = PBXGroup;
			children = (
				E4D01A1EC5636AE916EBCE17 /* Pods-spotify.debug.xcconfig */,
				5FCFF98441291DA159F466B0 /* Pods-spotify.release.xcconfig */,
			);
			path = Pods;
			sourceTree = "<group>";
		};
/* End PBXGroup section */

/* Begin PBXNativeTarget section */
		6DD8390326660953006EA214 /* spotify */ = {
			isa = PBXNativeTarget;
			buildConfigurationList = 6DD8391826660954006EA214 /* Build configuration list for PBXNativeTarget "spotify" */;
			buildPhases = (
				50922B6A2F13DCAC9AE0885F /* [CP] Check Pods Manifest.lock */,
				6DD8390026660953006EA214 /* Sources */,
				6DD8390126660953006EA214 /* Frameworks */,
				6DD8390226660953006EA214 /* Resources */,
				E47B1C511F39E121FF84C2D6 /* [CP] Embed Pods Frameworks */,
			);
			buildRules = (
			);
			dependencies = (
			);
			name = spotify;
			productName = spotify;
			productReference = 6DD8390426660953006EA214 /* spotify.app */;
			productType = "com.apple.product-type.application";
		};
/* End PBXNativeTarget section */

/* Begin PBXProject section */
		6DD838FC26660953006EA214 /* Project object */ = {
			isa = PBXProject;
			attributes = {
				LastSwiftUpdateCheck = 1250;
				LastUpgradeCheck = 1250;
				TargetAttributes = {
					6DD8390326660953006EA214 = {
						CreatedOnToolsVersion = 12.5;
					};
				};
			};
			buildConfigurationList = 6DD838FF26660953006EA214 /* Build configuration list for PBXProject "spotify" */;
			compatibilityVersion = "Xcode 9.3";
			developmentRegion = en;
			hasScannedForEncodings = 0;
			knownRegions = (
				en,
				Base,
			);
			mainGroup = 6DD838FB26660953006EA214;
			productRefGroup = 6DD8390526660953006EA214 /* Products */;
			projectDirPath = "";
			projectRoot = "";
			targets = (
				6DD8390326660953006EA214 /* spotify */,
			);
		};
/* End PBXProject section */

/* Begin PBXResourcesBuildPhase section */
		6DD8390226660953006EA214 /* Resources */ = {
			isa = PBXResourcesBuildPhase;
			buildActionMask = 2147483647;
			files = (
				6DD8391426660954006EA214 /* LaunchScreen.storyboard in Resources */,
				6DD8391126660954006EA214 /* Assets.xcassets in Resources */,
			);
			runOnlyForDeploymentPostprocessing = 0;
		};
/* End PBXResourcesBuildPhase section */

/* Begin PBXShellScriptBuildPhase section */
		50922B6A2F13DCAC9AE0885F /* [CP] Check Pods Manifest.lock */ = {
			isa = PBXShellScriptBuildPhase;
			buildActionMask = 2147483647;
			files = (
			);
			inputFileListPaths = (
			);
			inputPaths = (
				"${PODS_PODFILE_DIR_PATH}/Podfile.lock",
				"${PODS_ROOT}/Manifest.lock",
			);
			name = "[CP] Check Pods Manifest.lock";
			outputFileListPaths = (
			);
			outputPaths = (
				"$(DERIVED_FILE_DIR)/Pods-spotify-checkManifestLockResult.txt",
			);
			runOnlyForDeploymentPostprocessing = 0;
			shellPath = /bin/sh;
			shellScript = "diff \"${PODS_PODFILE_DIR_PATH}/Podfile.lock\" \"${PODS_ROOT}/Manifest.lock\" > /dev/null\nif [ $? != 0 ] ; then\n    # print error to STDERR\n    echo \"error: The sandbox is not in sync with the Podfile.lock. Run 'pod install' or update your CocoaPods installation.\" >&2\n    exit 1\nfi\n# This output is used by Xcode 'outputs' to avoid re-running this script phase.\necho \"SUCCESS\" > \"${SCRIPT_OUTPUT_FILE_0}\"\n";
			showEnvVarsInLog = 0;
		};
		E47B1C511F39E121FF84C2D6 /* [CP] Embed Pods Frameworks */ = {
			isa = PBXShellScriptBuildPhase;
			buildActionMask = 2147483647;
			files = (
			);
			inputFileListPaths = (
				"${PODS_ROOT}/Target Support Files/Pods-spotify/Pods-spotify-frameworks-${CONFIGURATION}-input-files.xcfilelist",
			);
			name = "[CP] Embed Pods Frameworks";
			outputFileListPaths = (
				"${PODS_ROOT}/Target Support Files/Pods-spotify/Pods-spotify-frameworks-${CONFIGURATION}-output-files.xcfilelist",
			);
			runOnlyForDeploymentPostprocessing = 0;
			shellPath = /bin/sh;
			shellScript = "\"${PODS_ROOT}/Target Support Files/Pods-spotify/Pods-spotify-frameworks.sh\"\n";
			showEnvVarsInLog = 0;
		};
/* End PBXShellScriptBuildPhase section */

/* Begin PBXSourcesBuildPhase section */
		6DD8390026660953006EA214 /* Sources */ = {
			isa = PBXSourcesBuildPhase;
			buildActionMask = 2147483647;
			files = (
				6DD8392526660BCD006EA214 /* LibraryViewController.swift in Sources */,
				6DB80ACE267E5E5900EA2428 /* LibraryToggleViewDelegate.swift in Sources */,
				6DB80ABC267E0A8F00EA2428 /* PlayerControlsView.swift in Sources */,
				6D1544B3267BC031000E7A72 /* RecommendedTrackCollectionViewCell.swift in Sources */,
				6D0775C8267CEBF000DA0E4A /* String.swift in Sources */,
				6D2B78EE267CEA5B0035AB33 /* AlbumTrackCollectionViewCell.swift in Sources */,
				6DD8393F26662448006EA214 /* Playlist.swift in Sources */,
				6DB80A9F267D312000EA2428 /* SearchResultResponse.swift in Sources */,
				6D1544B5267BCB9D000E7A72 /* NewReleasesCellViewModel.swift in Sources */,
				6DB80ACA267E4CEF00EA2428 /* LibraryAlbumsViewController.swift in Sources */,
				6D1544B9267BDBA9000E7A72 /* RecommendedTrackCellViewModel.swift in Sources */,
				6DB80AC0267E3A1600EA2428 /* PlayerDataSource.swift in Sources */,
				6DB80AD5267E6A1600EA2428 /* ActionLabelView.swift in Sources */,
				6D1544B1267BC018000E7A72 /* FeaturedCollectionViewCell.swift in Sources */,
				6D1544B7267BDB68000E7A72 /* FeaturedPlaylistCellViewModel.swift in Sources */,
				6DB80AA4267D327200EA2428 /* SearchResult.swift in Sources */,
				6DD83937266623FF006EA214 /* AuthManager.swift in Sources */,
				6D0775C6267CEBAD00DA0E4A /* DateFormatter.swift in Sources */,
				6DD8392B266623AC006EA214 /* LoginViewController.swift in Sources */,
				6D1544A6267B9E5E000E7A72 /* APIImage.swift in Sources */,
				6DB80A9B267D224E00EA2428 /* CategoryCollectionViewCellViewModel.swift in Sources */,
				6DD8392F266623BF006EA214 /* ProfileViewController.swift in Sources */,
				6DD8392326660BC0006EA214 /* SearchViewController.swift in Sources */,
				6D1544BD267C9C74000E7A72 /* AlbumViewController.swift in Sources */,
				6DB80ACC267E55A200EA2428 /* LibraryToggleView.swift in Sources */,
				6DB80A99267D131100EA2428 /* AllCategoriesResponse.swift in Sources */,
				6DB80A95267D0A8400EA2428 /* CategoryCollectionViewCell.swift in Sources */,
				6DB80A9D267D237800EA2428 /* CategoryViewController.swift in Sources */,
				6DD8392126660B87006EA214 /* TabBarViewController.swift in Sources */,
				6DB80AA6267DF28500EA2428 /* SearchSection.swift in Sources */,
				6D2B78EA267CBA9F0035AB33 /* PlaylistHeaderViewDelegate.swift in Sources */,
				6DB80AD0267E67E500EA2428 /* LibraryPlaylistResponse.swift in Sources */,
				6DD8393B2666241D006EA214 /* HapticsManager.swift in Sources */,
				6DB80AC2267E3C1F00EA2428 /* PlayerControlsViewViewModel.swift in Sources */,
				6D1544C1267CA38D000E7A72 /* PlaylistDetailsResponse.swift in Sources */,
				6DB80AC4267E3E6100EA2428 /* PlayerViewControllerDelegate.swift in Sources */,
				6D2B78EC267CE1E30035AB33 /* TitleHeaderCollectionReusableView.swift in Sources */,
				6D118F86266A5D6000FCB31B /* AuthResponse.swift in Sources */,
				6D1544A4267B9D9A000E7A72 /* NewReleasesResponse.swift in Sources */,
				6D1544AC267BA917000E7A72 /* RecommendationsResponse.swift in Sources */,
				6DD8394126662455006EA214 /* AudioTrack.swift in Sources */,
				6DD839292666239D006EA214 /* AuthViewController.swift in Sources */,
				6DB80A93267D01AB00EA2428 /* Credentials.swift in Sources */,
				6D1544AF267BBFF3000E7A72 /* NewReleaseCollectionViewCell.swift in Sources */,
				6DB80AD7267E6A9500EA2428 /* ActionLabelViewViewModel.swift in Sources */,
				6DD8394A26663066006EA214 /* UIView.swift in Sources */,
				6D2B78E4267CB46F0035AB33 /* PlaylistHeaderCollectionReusableView.swift in Sources */,
				6D1544BF267CA06D000E7A72 /* AlbumDetailsResponse.swift in Sources */,
				6DB80AA8267DF50700EA2428 /* SearchResultsViewControllerDelegate.swift in Sources */,
				6DB80AB7267DFF7500EA2428 /* SearchResultSubtitleTableViewCellViewModel.swift in Sources */,
				6DD8390C26660953006EA214 /* HomeViewContorller.swift in Sources */,
				6D2B78F0267CEB0F0035AB33 /* AlbumCollectionViewCellViewModel.swift in Sources */,
				6DB80AC8267E4CDE00EA2428 /* LibraryPlaylistsViewController.swift in Sources */,
				6DD8390826660953006EA214 /* AppDelegate.swift in Sources */,
				6DD839452666247B006EA214 /* UserProfile.swift in Sources */,
				6DB80AB5267DFEBB00EA2428 /* SearchResultSubtitleTableViewCell.swift in Sources */,
				6DB80AD9267E6B5D00EA2428 /* ActionLabelViewDelegate.swift in Sources */,
				6DD83933266623D6006EA214 /* PlaylistViewController.swift in Sources */,
				6DD839432666246E006EA214 /* Artist.swift in Sources */,
				6D1544BB267BDC3E000E7A72 /* BrowseSectionType.swift in Sources */,
				6D2B78E6267CB7400035AB33 /* PlaylistHeaderViewModel.swift in Sources */,
				6D3F009C2678D60D00F8C9D3 /* SettingsModels.swift in Sources */,
				6DD8390A26660953006EA214 /* SceneDelegate.swift in Sources */,
				6DB80ABA267E03FB00EA2428 /* PlaybackPresenter.swift in Sources */,
				6DB80ABE267E0FF200EA2428 /* PlayerControlsViewDelegate.swift in Sources */,
				6DD83931266623C7006EA214 /* PlayerViewController.swift in Sources */,
				6DB80AA2267D315C00EA2428 /* SearchAlbumResponse.swift in Sources */,
				6DB80AB2267DFAA100EA2428 /* SearchResultDefaultTableViewCellViewController.swift in Sources */,
				6DD83935266623E1006EA214 /* SearchResultViewController.swift in Sources */,
				6DD839392666240E006EA214 /* APICaller.swift in Sources */,
				6D1544A8267BA193000E7A72 /* FeaturedPlaylistsResponse.swift in Sources */,
				6DD8392D266623B5006EA214 /* SettingsViewController.swift in Sources */,
				6D1544AA267BA57D000E7A72 /* RecommendedGenres.swift in Sources */,
				6DB80AAE267DF8E100EA2428 /* SearchResultDefaultTableViewCell.swift in Sources */,
			);
			runOnlyForDeploymentPostprocessing = 0;
		};
/* End PBXSourcesBuildPhase section */

/* Begin PBXVariantGroup section */
		6DD8391226660954006EA214 /* LaunchScreen.storyboard */ = {
			isa = PBXVariantGroup;
			children = (
				6DD8391326660954006EA214 /* Base */,
			);
			name = LaunchScreen.storyboard;
			sourceTree = "<group>";
		};
/* End PBXVariantGroup section */

/* Begin XCBuildConfiguration section */
		6DD8391626660954006EA214 /* Debug */ = {
			isa = XCBuildConfiguration;
			buildSettings = {
				ALWAYS_SEARCH_USER_PATHS = NO;
				CLANG_ANALYZER_NONNULL = YES;
				CLANG_ANALYZER_NUMBER_OBJECT_CONVERSION = YES_AGGRESSIVE;
				CLANG_CXX_LANGUAGE_STANDARD = "gnu++14";
				CLANG_CXX_LIBRARY = "libc++";
				CLANG_ENABLE_MODULES = YES;
				CLANG_ENABLE_OBJC_ARC = YES;
				CLANG_ENABLE_OBJC_WEAK = YES;
				CLANG_WARN_BLOCK_CAPTURE_AUTORELEASING = YES;
				CLANG_WARN_BOOL_CONVERSION = YES;
				CLANG_WARN_COMMA = YES;
				CLANG_WARN_CONSTANT_CONVERSION = YES;
				CLANG_WARN_DEPRECATED_OBJC_IMPLEMENTATIONS = YES;
				CLANG_WARN_DIRECT_OBJC_ISA_USAGE = YES_ERROR;
				CLANG_WARN_DOCUMENTATION_COMMENTS = YES;
				CLANG_WARN_EMPTY_BODY = YES;
				CLANG_WARN_ENUM_CONVERSION = YES;
				CLANG_WARN_INFINITE_RECURSION = YES;
				CLANG_WARN_INT_CONVERSION = YES;
				CLANG_WARN_NON_LITERAL_NULL_CONVERSION = YES;
				CLANG_WARN_OBJC_IMPLICIT_RETAIN_SELF = YES;
				CLANG_WARN_OBJC_LITERAL_CONVERSION = YES;
				CLANG_WARN_OBJC_ROOT_CLASS = YES_ERROR;
				CLANG_WARN_QUOTED_INCLUDE_IN_FRAMEWORK_HEADER = YES;
				CLANG_WARN_RANGE_LOOP_ANALYSIS = YES;
				CLANG_WARN_STRICT_PROTOTYPES = YES;
				CLANG_WARN_SUSPICIOUS_MOVE = YES;
				CLANG_WARN_UNGUARDED_AVAILABILITY = YES_AGGRESSIVE;
				CLANG_WARN_UNREACHABLE_CODE = YES;
				CLANG_WARN__DUPLICATE_METHOD_MATCH = YES;
				COPY_PHASE_STRIP = NO;
				DEBUG_INFORMATION_FORMAT = dwarf;
				ENABLE_STRICT_OBJC_MSGSEND = YES;
				ENABLE_TESTABILITY = YES;
				GCC_C_LANGUAGE_STANDARD = gnu11;
				GCC_DYNAMIC_NO_PIC = NO;
				GCC_NO_COMMON_BLOCKS = YES;
				GCC_OPTIMIZATION_LEVEL = 0;
				GCC_PREPROCESSOR_DEFINITIONS = (
					"DEBUG=1",
					"$(inherited)",
				);
				GCC_WARN_64_TO_32_BIT_CONVERSION = YES;
				GCC_WARN_ABOUT_RETURN_TYPE = YES_ERROR;
				GCC_WARN_UNDECLARED_SELECTOR = YES;
				GCC_WARN_UNINITIALIZED_AUTOS = YES_AGGRESSIVE;
				GCC_WARN_UNUSED_FUNCTION = YES;
				GCC_WARN_UNUSED_VARIABLE = YES;
				IPHONEOS_DEPLOYMENT_TARGET = 14.5;
				MTL_ENABLE_DEBUG_INFO = INCLUDE_SOURCE;
				MTL_FAST_MATH = YES;
				ONLY_ACTIVE_ARCH = YES;
				SDKROOT = iphoneos;
				SWIFT_ACTIVE_COMPILATION_CONDITIONS = DEBUG;
				SWIFT_OPTIMIZATION_LEVEL = "-Onone";
			};
			name = Debug;
		};
		6DD8391726660954006EA214 /* Release */ = {
			isa = XCBuildConfiguration;
			buildSettings = {
				ALWAYS_SEARCH_USER_PATHS = NO;
				CLANG_ANALYZER_NONNULL = YES;
				CLANG_ANALYZER_NUMBER_OBJECT_CONVERSION = YES_AGGRESSIVE;
				CLANG_CXX_LANGUAGE_STANDARD = "gnu++14";
				CLANG_CXX_LIBRARY = "libc++";
				CLANG_ENABLE_MODULES = YES;
				CLANG_ENABLE_OBJC_ARC = YES;
				CLANG_ENABLE_OBJC_WEAK = YES;
				CLANG_WARN_BLOCK_CAPTURE_AUTORELEASING = YES;
				CLANG_WARN_BOOL_CONVERSION = YES;
				CLANG_WARN_COMMA = YES;
				CLANG_WARN_CONSTANT_CONVERSION = YES;
				CLANG_WARN_DEPRECATED_OBJC_IMPLEMENTATIONS = YES;
				CLANG_WARN_DIRECT_OBJC_ISA_USAGE = YES_ERROR;
				CLANG_WARN_DOCUMENTATION_COMMENTS = YES;
				CLANG_WARN_EMPTY_BODY = YES;
				CLANG_WARN_ENUM_CONVERSION = YES;
				CLANG_WARN_INFINITE_RECURSION = YES;
				CLANG_WARN_INT_CONVERSION = YES;
				CLANG_WARN_NON_LITERAL_NULL_CONVERSION = YES;
				CLANG_WARN_OBJC_IMPLICIT_RETAIN_SELF = YES;
				CLANG_WARN_OBJC_LITERAL_CONVERSION = YES;
				CLANG_WARN_OBJC_ROOT_CLASS = YES_ERROR;
				CLANG_WARN_QUOTED_INCLUDE_IN_FRAMEWORK_HEADER = YES;
				CLANG_WARN_RANGE_LOOP_ANALYSIS = YES;
				CLANG_WARN_STRICT_PROTOTYPES = YES;
				CLANG_WARN_SUSPICIOUS_MOVE = YES;
				CLANG_WARN_UNGUARDED_AVAILABILITY = YES_AGGRESSIVE;
				CLANG_WARN_UNREACHABLE_CODE = YES;
				CLANG_WARN__DUPLICATE_METHOD_MATCH = YES;
				COPY_PHASE_STRIP = NO;
				DEBUG_INFORMATION_FORMAT = "dwarf-with-dsym";
				ENABLE_NS_ASSERTIONS = NO;
				ENABLE_STRICT_OBJC_MSGSEND = YES;
				GCC_C_LANGUAGE_STANDARD = gnu11;
				GCC_NO_COMMON_BLOCKS = YES;
				GCC_WARN_64_TO_32_BIT_CONVERSION = YES;
				GCC_WARN_ABOUT_RETURN_TYPE = YES_ERROR;
				GCC_WARN_UNDECLARED_SELECTOR = YES;
				GCC_WARN_UNINITIALIZED_AUTOS = YES_AGGRESSIVE;
				GCC_WARN_UNUSED_FUNCTION = YES;
				GCC_WARN_UNUSED_VARIABLE = YES;
				IPHONEOS_DEPLOYMENT_TARGET = 14.5;
				MTL_ENABLE_DEBUG_INFO = NO;
				MTL_FAST_MATH = YES;
				SDKROOT = iphoneos;
				SWIFT_COMPILATION_MODE = wholemodule;
				SWIFT_OPTIMIZATION_LEVEL = "-O";
				VALIDATE_PRODUCT = YES;
			};
			name = Release;
		};
		6DD8391926660954006EA214 /* Debug */ = {
			isa = XCBuildConfiguration;
			baseConfigurationReference = E4D01A1EC5636AE916EBCE17 /* Pods-spotify.debug.xcconfig */;
			buildSettings = {
				ASSETCATALOG_COMPILER_APPICON_NAME = AppIcon;
				ASSETCATALOG_COMPILER_GLOBAL_ACCENT_COLOR_NAME = AccentColor;
				CODE_SIGN_STYLE = Automatic;
				DEVELOPMENT_TEAM = S4382LQ8TA;
				INFOPLIST_FILE = spotify/Info.plist;
				LD_RUNPATH_SEARCH_PATHS = (
					"$(inherited)",
					"@executable_path/Frameworks",
				);
				PRODUCT_BUNDLE_IDENTIFIER = com.ather.spotify;
				PRODUCT_NAME = "$(TARGET_NAME)";
				SWIFT_VERSION = 5.0;
				TARGETED_DEVICE_FAMILY = "1,2";
			};
			name = Debug;
		};
		6DD8391A26660954006EA214 /* Release */ = {
			isa = XCBuildConfiguration;
			baseConfigurationReference = 5FCFF98441291DA159F466B0 /* Pods-spotify.release.xcconfig */;
			buildSettings = {
				ASSETCATALOG_COMPILER_APPICON_NAME = AppIcon;
				ASSETCATALOG_COMPILER_GLOBAL_ACCENT_COLOR_NAME = AccentColor;
				CODE_SIGN_STYLE = Automatic;
				DEVELOPMENT_TEAM = S4382LQ8TA;
				INFOPLIST_FILE = spotify/Info.plist;
				LD_RUNPATH_SEARCH_PATHS = (
					"$(inherited)",
					"@executable_path/Frameworks",
				);
				PRODUCT_BUNDLE_IDENTIFIER = com.ather.spotify;
				PRODUCT_NAME = "$(TARGET_NAME)";
				SWIFT_VERSION = 5.0;
				TARGETED_DEVICE_FAMILY = "1,2";
			};
			name = Release;
		};
/* End XCBuildConfiguration section */

/* Begin XCConfigurationList section */
		6DD838FF26660953006EA214 /* Build configuration list for PBXProject "spotify" */ = {
			isa = XCConfigurationList;
			buildConfigurations = (
				6DD8391626660954006EA214 /* Debug */,
				6DD8391726660954006EA214 /* Release */,
			);
			defaultConfigurationIsVisible = 0;
			defaultConfigurationName = Release;
		};
		6DD8391826660954006EA214 /* Build configuration list for PBXNativeTarget "spotify" */ = {
			isa = XCConfigurationList;
			buildConfigurations = (
				6DD8391926660954006EA214 /* Debug */,
				6DD8391A26660954006EA214 /* Release */,
			);
			defaultConfigurationIsVisible = 0;
			defaultConfigurationName = Release;
		};
/* End XCConfigurationList section */
	};
	rootObject = 6DD838FC26660953006EA214 /* Project object */;
}
